// !$*UTF8*$!
{
	archiveVersion = 1;
	classes = {
	};
	objectVersion = 46;
	objects = {

/* Begin PBXBuildFile section */
		18321EC51DA8C2CF0013EBEB /* main.m in Sources */ = {isa = PBXBuildFile; fileRef = 18321EC41DA8C2CF0013EBEB /* main.m */; };
		18321EC81DA8C2CF0013EBEB /* AppDelegate.m in Sources */ = {isa = PBXBuildFile; fileRef = 18321EC71DA8C2CF0013EBEB /* AppDelegate.m */; };
		18321ECB1DA8C2CF0013EBEB /* ViewController.m in Sources */ = {isa = PBXBuildFile; fileRef = 18321ECA1DA8C2CF0013EBEB /* ViewController.m */; };
		18321ECE1DA8C2CF0013EBEB /* Main.storyboard in Resources */ = {isa = PBXBuildFile; fileRef = 18321ECC1DA8C2CF0013EBEB /* Main.storyboard */; };
		18321ED01DA8C2CF0013EBEB /* Assets.xcassets in Resources */ = {isa = PBXBuildFile; fileRef = 18321ECF1DA8C2CF0013EBEB /* Assets.xcassets */; };
		18321ED31DA8C2CF0013EBEB /* LaunchScreen.storyboard in Resources */ = {isa = PBXBuildFile; fileRef = 18321ED11DA8C2CF0013EBEB /* LaunchScreen.storyboard */; };
		18321F9F1DA8C32C0013EBEB /* Contents.json in Resources */ = {isa = PBXBuildFile; fileRef = 18321EDD1DA8C32C0013EBEB /* Contents.json */; };
		18321FA01DA8C32C0013EBEB /* dropdown_anim__0001@2x.png in Resources */ = {isa = PBXBuildFile; fileRef = 18321EDE1DA8C32C0013EBEB /* dropdown_anim__0001@2x.png */; };
		18321FA11DA8C32C0013EBEB /* Contents.json in Resources */ = {isa = PBXBuildFile; fileRef = 18321EE01DA8C32C0013EBEB /* Contents.json */; };
		18321FA21DA8C32C0013EBEB /* dropdown_anim__00010@2x.png in Resources */ = {isa = PBXBuildFile; fileRef = 18321EE11DA8C32C0013EBEB /* dropdown_anim__00010@2x.png */; };
		18321FA31DA8C32C0013EBEB /* Contents.json in Resources */ = {isa = PBXBuildFile; fileRef = 18321EE31DA8C32C0013EBEB /* Contents.json */; };
		18321FA41DA8C32C0013EBEB /* dropdown_anim__00011@2x.png in Resources */ = {isa = PBXBuildFile; fileRef = 18321EE41DA8C32C0013EBEB /* dropdown_anim__00011@2x.png */; };
		18321FA51DA8C32C0013EBEB /* Contents.json in Resources */ = {isa = PBXBuildFile; fileRef = 18321EE61DA8C32C0013EBEB /* Contents.json */; };
		18321FA61DA8C32C0013EBEB /* dropdown_anim__00012@2x.png in Resources */ = {isa = PBXBuildFile; fileRef = 18321EE71DA8C32C0013EBEB /* dropdown_anim__00012@2x.png */; };
		18321FA71DA8C32C0013EBEB /* Contents.json in Resources */ = {isa = PBXBuildFile; fileRef = 18321EE91DA8C32C0013EBEB /* Contents.json */; };
		18321FA81DA8C32C0013EBEB /* dropdown_anim__00013@2x.png in Resources */ = {isa = PBXBuildFile; fileRef = 18321EEA1DA8C32C0013EBEB /* dropdown_anim__00013@2x.png */; };
		18321FA91DA8C32C0013EBEB /* Contents.json in Resources */ = {isa = PBXBuildFile; fileRef = 18321EEC1DA8C32C0013EBEB /* Contents.json */; };
		18321FAA1DA8C32C0013EBEB /* dropdown_anim__00014@2x.png in Resources */ = {isa = PBXBuildFile; fileRef = 18321EED1DA8C32C0013EBEB /* dropdown_anim__00014@2x.png */; };
		18321FAB1DA8C32C0013EBEB /* Contents.json in Resources */ = {isa = PBXBuildFile; fileRef = 18321EEF1DA8C32C0013EBEB /* Contents.json */; };
		18321FAC1DA8C32C0013EBEB /* dropdown_anim__00015@2x.png in Resources */ = {isa = PBXBuildFile; fileRef = 18321EF01DA8C32C0013EBEB /* dropdown_anim__00015@2x.png */; };
		18321FAD1DA8C32C0013EBEB /* Contents.json in Resources */ = {isa = PBXBuildFile; fileRef = 18321EF21DA8C32C0013EBEB /* Contents.json */; };
		18321FAE1DA8C32C0013EBEB /* dropdown_anim__00016@2x.png in Resources */ = {isa = PBXBuildFile; fileRef = 18321EF31DA8C32C0013EBEB /* dropdown_anim__00016@2x.png */; };
		18321FAF1DA8C32C0013EBEB /* Contents.json in Resources */ = {isa = PBXBuildFile; fileRef = 18321EF51DA8C32C0013EBEB /* Contents.json */; };
		18321FB01DA8C32C0013EBEB /* dropdown_anim__00017@2x.png in Resources */ = {isa = PBXBuildFile; fileRef = 18321EF61DA8C32C0013EBEB /* dropdown_anim__00017@2x.png */; };
		18321FB11DA8C32C0013EBEB /* Contents.json in Resources */ = {isa = PBXBuildFile; fileRef = 18321EF81DA8C32C0013EBEB /* Contents.json */; };
		18321FB21DA8C32C0013EBEB /* dropdown_anim__00018@2x.png in Resources */ = {isa = PBXBuildFile; fileRef = 18321EF91DA8C32C0013EBEB /* dropdown_anim__00018@2x.png */; };
		18321FB31DA8C32C0013EBEB /* Contents.json in Resources */ = {isa = PBXBuildFile; fileRef = 18321EFB1DA8C32C0013EBEB /* Contents.json */; };
		18321FB41DA8C32C0013EBEB /* dropdown_anim__00019@2x.png in Resources */ = {isa = PBXBuildFile; fileRef = 18321EFC1DA8C32C0013EBEB /* dropdown_anim__00019@2x.png */; };
		18321FB51DA8C32C0013EBEB /* Contents.json in Resources */ = {isa = PBXBuildFile; fileRef = 18321EFE1DA8C32C0013EBEB /* Contents.json */; };
		18321FB61DA8C32C0013EBEB /* dropdown_anim__0002@2x.png in Resources */ = {isa = PBXBuildFile; fileRef = 18321EFF1DA8C32C0013EBEB /* dropdown_anim__0002@2x.png */; };
		18321FB71DA8C32C0013EBEB /* Contents.json in Resources */ = {isa = PBXBuildFile; fileRef = 18321F011DA8C32C0013EBEB /* Contents.json */; };
		18321FB81DA8C32C0013EBEB /* dropdown_anim__00020@2x.png in Resources */ = {isa = PBXBuildFile; fileRef = 18321F021DA8C32C0013EBEB /* dropdown_anim__00020@2x.png */; };
		18321FB91DA8C32C0013EBEB /* Contents.json in Resources */ = {isa = PBXBuildFile; fileRef = 18321F041DA8C32C0013EBEB /* Contents.json */; };
		18321FBA1DA8C32C0013EBEB /* dropdown_anim__00021@2x.png in Resources */ = {isa = PBXBuildFile; fileRef = 18321F051DA8C32C0013EBEB /* dropdown_anim__00021@2x.png */; };
		18321FBB1DA8C32C0013EBEB /* Contents.json in Resources */ = {isa = PBXBuildFile; fileRef = 18321F071DA8C32C0013EBEB /* Contents.json */; };
		18321FBC1DA8C32C0013EBEB /* dropdown_anim__00022@2x.png in Resources */ = {isa = PBXBuildFile; fileRef = 18321F081DA8C32C0013EBEB /* dropdown_anim__00022@2x.png */; };
		18321FBD1DA8C32C0013EBEB /* Contents.json in Resources */ = {isa = PBXBuildFile; fileRef = 18321F0A1DA8C32C0013EBEB /* Contents.json */; };
		18321FBE1DA8C32C0013EBEB /* dropdown_anim__00023@2x.png in Resources */ = {isa = PBXBuildFile; fileRef = 18321F0B1DA8C32C0013EBEB /* dropdown_anim__00023@2x.png */; };
		18321FBF1DA8C32C0013EBEB /* Contents.json in Resources */ = {isa = PBXBuildFile; fileRef = 18321F0D1DA8C32C0013EBEB /* Contents.json */; };
		18321FC01DA8C32C0013EBEB /* dropdown_anim__00024@2x.png in Resources */ = {isa = PBXBuildFile; fileRef = 18321F0E1DA8C32C0013EBEB /* dropdown_anim__00024@2x.png */; };
		18321FC11DA8C32C0013EBEB /* Contents.json in Resources */ = {isa = PBXBuildFile; fileRef = 18321F101DA8C32C0013EBEB /* Contents.json */; };
		18321FC21DA8C32C0013EBEB /* dropdown_anim__00025@2x.png in Resources */ = {isa = PBXBuildFile; fileRef = 18321F111DA8C32C0013EBEB /* dropdown_anim__00025@2x.png */; };
		18321FC31DA8C32C0013EBEB /* Contents.json in Resources */ = {isa = PBXBuildFile; fileRef = 18321F131DA8C32C0013EBEB /* Contents.json */; };
		18321FC41DA8C32C0013EBEB /* dropdown_anim__00026@2x.png in Resources */ = {isa = PBXBuildFile; fileRef = 18321F141DA8C32C0013EBEB /* dropdown_anim__00026@2x.png */; };
		18321FC51DA8C32C0013EBEB /* Contents.json in Resources */ = {isa = PBXBuildFile; fileRef = 18321F161DA8C32C0013EBEB /* Contents.json */; };
		18321FC61DA8C32C0013EBEB /* dropdown_anim__00027@2x.png in Resources */ = {isa = PBXBuildFile; fileRef = 18321F171DA8C32C0013EBEB /* dropdown_anim__00027@2x.png */; };
		18321FC71DA8C32C0013EBEB /* Contents.json in Resources */ = {isa = PBXBuildFile; fileRef = 18321F191DA8C32C0013EBEB /* Contents.json */; };
		18321FC81DA8C32C0013EBEB /* dropdown_anim__00028@2x.png in Resources */ = {isa = PBXBuildFile; fileRef = 18321F1A1DA8C32C0013EBEB /* dropdown_anim__00028@2x.png */; };
		18321FC91DA8C32C0013EBEB /* Contents.json in Resources */ = {isa = PBXBuildFile; fileRef = 18321F1C1DA8C32C0013EBEB /* Contents.json */; };
		18321FCA1DA8C32C0013EBEB /* dropdown_anim__00029@2x.png in Resources */ = {isa = PBXBuildFile; fileRef = 18321F1D1DA8C32C0013EBEB /* dropdown_anim__00029@2x.png */; };
		18321FCB1DA8C32C0013EBEB /* Contents.json in Resources */ = {isa = PBXBuildFile; fileRef = 18321F1F1DA8C32C0013EBEB /* Contents.json */; };
		18321FCC1DA8C32C0013EBEB /* dropdown_anim__0003@2x.png in Resources */ = {isa = PBXBuildFile; fileRef = 18321F201DA8C32C0013EBEB /* dropdown_anim__0003@2x.png */; };
		18321FCD1DA8C32C0013EBEB /* Contents.json in Resources */ = {isa = PBXBuildFile; fileRef = 18321F221DA8C32C0013EBEB /* Contents.json */; };
		18321FCE1DA8C32C0013EBEB /* dropdown_anim__00030@2x.png in Resources */ = {isa = PBXBuildFile; fileRef = 18321F231DA8C32C0013EBEB /* dropdown_anim__00030@2x.png */; };
		18321FCF1DA8C32C0013EBEB /* Contents.json in Resources */ = {isa = PBXBuildFile; fileRef = 18321F251DA8C32C0013EBEB /* Contents.json */; };
		18321FD01DA8C32C0013EBEB /* dropdown_anim__00031@2x.png in Resources */ = {isa = PBXBuildFile; fileRef = 18321F261DA8C32C0013EBEB /* dropdown_anim__00031@2x.png */; };
		18321FD11DA8C32C0013EBEB /* Contents.json in Resources */ = {isa = PBXBuildFile; fileRef = 18321F281DA8C32C0013EBEB /* Contents.json */; };
		18321FD21DA8C32C0013EBEB /* dropdown_anim__00032@2x.png in Resources */ = {isa = PBXBuildFile; fileRef = 18321F291DA8C32C0013EBEB /* dropdown_anim__00032@2x.png */; };
		18321FD31DA8C32C0013EBEB /* Contents.json in Resources */ = {isa = PBXBuildFile; fileRef = 18321F2B1DA8C32C0013EBEB /* Contents.json */; };
		18321FD41DA8C32C0013EBEB /* dropdown_anim__00033@2x.png in Resources */ = {isa = PBXBuildFile; fileRef = 18321F2C1DA8C32C0013EBEB /* dropdown_anim__00033@2x.png */; };
		18321FD51DA8C32C0013EBEB /* Contents.json in Resources */ = {isa = PBXBuildFile; fileRef = 18321F2E1DA8C32C0013EBEB /* Contents.json */; };
		18321FD61DA8C32C0013EBEB /* dropdown_anim__00034@2x.png in Resources */ = {isa = PBXBuildFile; fileRef = 18321F2F1DA8C32C0013EBEB /* dropdown_anim__00034@2x.png */; };
		18321FD71DA8C32C0013EBEB /* Contents.json in Resources */ = {isa = PBXBuildFile; fileRef = 18321F311DA8C32C0013EBEB /* Contents.json */; };
		18321FD81DA8C32C0013EBEB /* dropdown_anim__00035@2x.png in Resources */ = {isa = PBXBuildFile; fileRef = 18321F321DA8C32C0013EBEB /* dropdown_anim__00035@2x.png */; };
		18321FD91DA8C32C0013EBEB /* Contents.json in Resources */ = {isa = PBXBuildFile; fileRef = 18321F341DA8C32C0013EBEB /* Contents.json */; };
		18321FDA1DA8C32C0013EBEB /* dropdown_anim__00036@2x.png in Resources */ = {isa = PBXBuildFile; fileRef = 18321F351DA8C32C0013EBEB /* dropdown_anim__00036@2x.png */; };
		18321FDB1DA8C32C0013EBEB /* Contents.json in Resources */ = {isa = PBXBuildFile; fileRef = 18321F371DA8C32C0013EBEB /* Contents.json */; };
		18321FDC1DA8C32C0013EBEB /* dropdown_anim__00037@2x.png in Resources */ = {isa = PBXBuildFile; fileRef = 18321F381DA8C32C0013EBEB /* dropdown_anim__00037@2x.png */; };
		18321FDD1DA8C32C0013EBEB /* Contents.json in Resources */ = {isa = PBXBuildFile; fileRef = 18321F3A1DA8C32C0013EBEB /* Contents.json */; };
		18321FDE1DA8C32C0013EBEB /* dropdown_anim__00038@2x.png in Resources */ = {isa = PBXBuildFile; fileRef = 18321F3B1DA8C32C0013EBEB /* dropdown_anim__00038@2x.png */; };
		18321FDF1DA8C32C0013EBEB /* Contents.json in Resources */ = {isa = PBXBuildFile; fileRef = 18321F3D1DA8C32C0013EBEB /* Contents.json */; };
		18321FE01DA8C32C0013EBEB /* dropdown_anim__00039@2x.png in Resources */ = {isa = PBXBuildFile; fileRef = 18321F3E1DA8C32C0013EBEB /* dropdown_anim__00039@2x.png */; };
		18321FE11DA8C32C0013EBEB /* Contents.json in Resources */ = {isa = PBXBuildFile; fileRef = 18321F401DA8C32C0013EBEB /* Contents.json */; };
		18321FE21DA8C32C0013EBEB /* dropdown_anim__0004@2x.png in Resources */ = {isa = PBXBuildFile; fileRef = 18321F411DA8C32C0013EBEB /* dropdown_anim__0004@2x.png */; };
		18321FE31DA8C32C0013EBEB /* Contents.json in Resources */ = {isa = PBXBuildFile; fileRef = 18321F431DA8C32C0013EBEB /* Contents.json */; };
		18321FE41DA8C32C0013EBEB /* dropdown_anim__00040@2x.png in Resources */ = {isa = PBXBuildFile; fileRef = 18321F441DA8C32C0013EBEB /* dropdown_anim__00040@2x.png */; };
		18321FE51DA8C32C0013EBEB /* Contents.json in Resources */ = {isa = PBXBuildFile; fileRef = 18321F461DA8C32C0013EBEB /* Contents.json */; };
		18321FE61DA8C32C0013EBEB /* dropdown_anim__00041@2x.png in Resources */ = {isa = PBXBuildFile; fileRef = 18321F471DA8C32C0013EBEB /* dropdown_anim__00041@2x.png */; };
		18321FE71DA8C32C0013EBEB /* Contents.json in Resources */ = {isa = PBXBuildFile; fileRef = 18321F491DA8C32C0013EBEB /* Contents.json */; };
		18321FE81DA8C32C0013EBEB /* dropdown_anim__00042@2x.png in Resources */ = {isa = PBXBuildFile; fileRef = 18321F4A1DA8C32C0013EBEB /* dropdown_anim__00042@2x.png */; };
		18321FE91DA8C32C0013EBEB /* Contents.json in Resources */ = {isa = PBXBuildFile; fileRef = 18321F4C1DA8C32C0013EBEB /* Contents.json */; };
		18321FEA1DA8C32C0013EBEB /* dropdown_anim__00043@2x.png in Resources */ = {isa = PBXBuildFile; fileRef = 18321F4D1DA8C32C0013EBEB /* dropdown_anim__00043@2x.png */; };
		18321FEB1DA8C32C0013EBEB /* Contents.json in Resources */ = {isa = PBXBuildFile; fileRef = 18321F4F1DA8C32C0013EBEB /* Contents.json */; };
		18321FEC1DA8C32C0013EBEB /* dropdown_anim__00044@2x.png in Resources */ = {isa = PBXBuildFile; fileRef = 18321F501DA8C32C0013EBEB /* dropdown_anim__00044@2x.png */; };
		18321FED1DA8C32C0013EBEB /* Contents.json in Resources */ = {isa = PBXBuildFile; fileRef = 18321F521DA8C32C0013EBEB /* Contents.json */; };
		18321FEE1DA8C32C0013EBEB /* dropdown_anim__00045@2x.png in Resources */ = {isa = PBXBuildFile; fileRef = 18321F531DA8C32C0013EBEB /* dropdown_anim__00045@2x.png */; };
		18321FEF1DA8C32C0013EBEB /* Contents.json in Resources */ = {isa = PBXBuildFile; fileRef = 18321F551DA8C32C0013EBEB /* Contents.json */; };
		18321FF01DA8C32C0013EBEB /* dropdown_anim__00046@2x.png in Resources */ = {isa = PBXBuildFile; fileRef = 18321F561DA8C32C0013EBEB /* dropdown_anim__00046@2x.png */; };
		18321FF11DA8C32C0013EBEB /* Contents.json in Resources */ = {isa = PBXBuildFile; fileRef = 18321F581DA8C32C0013EBEB /* Contents.json */; };
		18321FF21DA8C32C0013EBEB /* dropdown_anim__00047@2x.png in Resources */ = {isa = PBXBuildFile; fileRef = 18321F591DA8C32C0013EBEB /* dropdown_anim__00047@2x.png */; };
		18321FF31DA8C32C0013EBEB /* Contents.json in Resources */ = {isa = PBXBuildFile; fileRef = 18321F5B1DA8C32C0013EBEB /* Contents.json */; };
		18321FF41DA8C32C0013EBEB /* dropdown_anim__00048@2x.png in Resources */ = {isa = PBXBuildFile; fileRef = 18321F5C1DA8C32C0013EBEB /* dropdown_anim__00048@2x.png */; };
		18321FF51DA8C32C0013EBEB /* Contents.json in Resources */ = {isa = PBXBuildFile; fileRef = 18321F5E1DA8C32C0013EBEB /* Contents.json */; };
		18321FF61DA8C32C0013EBEB /* dropdown_anim__00049@2x.png in Resources */ = {isa = PBXBuildFile; fileRef = 18321F5F1DA8C32C0013EBEB /* dropdown_anim__00049@2x.png */; };
		18321FF71DA8C32C0013EBEB /* Contents.json in Resources */ = {isa = PBXBuildFile; fileRef = 18321F611DA8C32C0013EBEB /* Contents.json */; };
		18321FF81DA8C32C0013EBEB /* dropdown_anim__0005@2x.png in Resources */ = {isa = PBXBuildFile; fileRef = 18321F621DA8C32C0013EBEB /* dropdown_anim__0005@2x.png */; };
		18321FF91DA8C32C0013EBEB /* Contents.json in Resources */ = {isa = PBXBuildFile; fileRef = 18321F641DA8C32C0013EBEB /* Contents.json */; };
		18321FFA1DA8C32C0013EBEB /* dropdown_anim__00050@2x.png in Resources */ = {isa = PBXBuildFile; fileRef = 18321F651DA8C32C0013EBEB /* dropdown_anim__00050@2x.png */; };
		18321FFB1DA8C32C0013EBEB /* Contents.json in Resources */ = {isa = PBXBuildFile; fileRef = 18321F671DA8C32C0013EBEB /* Contents.json */; };
		18321FFC1DA8C32C0013EBEB /* dropdown_anim__00051@2x.png in Resources */ = {isa = PBXBuildFile; fileRef = 18321F681DA8C32C0013EBEB /* dropdown_anim__00051@2x.png */; };
		18321FFD1DA8C32C0013EBEB /* Contents.json in Resources */ = {isa = PBXBuildFile; fileRef = 18321F6A1DA8C32C0013EBEB /* Contents.json */; };
		18321FFE1DA8C32C0013EBEB /* dropdown_anim__00052@2x.png in Resources */ = {isa = PBXBuildFile; fileRef = 18321F6B1DA8C32C0013EBEB /* dropdown_anim__00052@2x.png */; };
		18321FFF1DA8C32C0013EBEB /* Contents.json in Resources */ = {isa = PBXBuildFile; fileRef = 18321F6D1DA8C32C0013EBEB /* Contents.json */; };
		183220001DA8C32C0013EBEB /* dropdown_anim__00053@2x.png in Resources */ = {isa = PBXBuildFile; fileRef = 18321F6E1DA8C32C0013EBEB /* dropdown_anim__00053@2x.png */; };
		183220011DA8C32C0013EBEB /* Contents.json in Resources */ = {isa = PBXBuildFile; fileRef = 18321F701DA8C32C0013EBEB /* Contents.json */; };
		183220021DA8C32C0013EBEB /* dropdown_anim__00054@2x.png in Resources */ = {isa = PBXBuildFile; fileRef = 18321F711DA8C32C0013EBEB /* dropdown_anim__00054@2x.png */; };
		183220031DA8C32C0013EBEB /* Contents.json in Resources */ = {isa = PBXBuildFile; fileRef = 18321F731DA8C32C0013EBEB /* Contents.json */; };
		183220041DA8C32C0013EBEB /* dropdown_anim__00055@2x.png in Resources */ = {isa = PBXBuildFile; fileRef = 18321F741DA8C32C0013EBEB /* dropdown_anim__00055@2x.png */; };
		183220051DA8C32C0013EBEB /* Contents.json in Resources */ = {isa = PBXBuildFile; fileRef = 18321F761DA8C32C0013EBEB /* Contents.json */; };
		183220061DA8C32C0013EBEB /* dropdown_anim__00056@2x.png in Resources */ = {isa = PBXBuildFile; fileRef = 18321F771DA8C32C0013EBEB /* dropdown_anim__00056@2x.png */; };
		183220071DA8C32C0013EBEB /* Contents.json in Resources */ = {isa = PBXBuildFile; fileRef = 18321F791DA8C32C0013EBEB /* Contents.json */; };
		183220081DA8C32C0013EBEB /* dropdown_anim__00057@2x.png in Resources */ = {isa = PBXBuildFile; fileRef = 18321F7A1DA8C32C0013EBEB /* dropdown_anim__00057@2x.png */; };
		183220091DA8C32C0013EBEB /* Contents.json in Resources */ = {isa = PBXBuildFile; fileRef = 18321F7C1DA8C32C0013EBEB /* Contents.json */; };
		1832200A1DA8C32C0013EBEB /* dropdown_anim__00058@2x.png in Resources */ = {isa = PBXBuildFile; fileRef = 18321F7D1DA8C32C0013EBEB /* dropdown_anim__00058@2x.png */; };
		1832200B1DA8C32C0013EBEB /* Contents.json in Resources */ = {isa = PBXBuildFile; fileRef = 18321F7F1DA8C32C0013EBEB /* Contents.json */; };
		1832200C1DA8C32C0013EBEB /* dropdown_anim__00059@2x.png in Resources */ = {isa = PBXBuildFile; fileRef = 18321F801DA8C32C0013EBEB /* dropdown_anim__00059@2x.png */; };
		1832200D1DA8C32C0013EBEB /* Contents.json in Resources */ = {isa = PBXBuildFile; fileRef = 18321F821DA8C32C0013EBEB /* Contents.json */; };
		1832200E1DA8C32C0013EBEB /* dropdown_anim__0006@2x.png in Resources */ = {isa = PBXBuildFile; fileRef = 18321F831DA8C32C0013EBEB /* dropdown_anim__0006@2x.png */; };
		1832200F1DA8C32C0013EBEB /* Contents.json in Resources */ = {isa = PBXBuildFile; fileRef = 18321F851DA8C32C0013EBEB /* Contents.json */; };
		183220101DA8C32C0013EBEB /* dropdown_anim__00060@2x.png in Resources */ = {isa = PBXBuildFile; fileRef = 18321F861DA8C32C0013EBEB /* dropdown_anim__00060@2x.png */; };
		183220111DA8C32C0013EBEB /* Contents.json in Resources */ = {isa = PBXBuildFile; fileRef = 18321F881DA8C32C0013EBEB /* Contents.json */; };
		183220121DA8C32C0013EBEB /* dropdown_anim__0007@2x.png in Resources */ = {isa = PBXBuildFile; fileRef = 18321F891DA8C32C0013EBEB /* dropdown_anim__0007@2x.png */; };
		183220131DA8C32C0013EBEB /* Contents.json in Resources */ = {isa = PBXBuildFile; fileRef = 18321F8B1DA8C32C0013EBEB /* Contents.json */; };
		183220141DA8C32C0013EBEB /* dropdown_anim__0008@2x.png in Resources */ = {isa = PBXBuildFile; fileRef = 18321F8C1DA8C32C0013EBEB /* dropdown_anim__0008@2x.png */; };
		183220151DA8C32C0013EBEB /* Contents.json in Resources */ = {isa = PBXBuildFile; fileRef = 18321F8E1DA8C32C0013EBEB /* Contents.json */; };
		183220161DA8C32C0013EBEB /* dropdown_anim__0009@2x.png in Resources */ = {isa = PBXBuildFile; fileRef = 18321F8F1DA8C32C0013EBEB /* dropdown_anim__0009@2x.png */; };
		183220171DA8C32C0013EBEB /* Contents.json in Resources */ = {isa = PBXBuildFile; fileRef = 18321F911DA8C32C0013EBEB /* Contents.json */; };
		183220181DA8C32C0013EBEB /* dropdown_loading_01@2x.png in Resources */ = {isa = PBXBuildFile; fileRef = 18321F921DA8C32C0013EBEB /* dropdown_loading_01@2x.png */; };
		183220191DA8C32C0013EBEB /* Contents.json in Resources */ = {isa = PBXBuildFile; fileRef = 18321F941DA8C32C0013EBEB /* Contents.json */; };
		1832201A1DA8C32C0013EBEB /* dropdown_loading_02@2x.png in Resources */ = {isa = PBXBuildFile; fileRef = 18321F951DA8C32C0013EBEB /* dropdown_loading_02@2x.png */; };
		1832201B1DA8C32C0013EBEB /* Contents.json in Resources */ = {isa = PBXBuildFile; fileRef = 18321F971DA8C32C0013EBEB /* Contents.json */; };
		1832201C1DA8C32C0013EBEB /* dropdown_loading_03@2x.png in Resources */ = {isa = PBXBuildFile; fileRef = 18321F981DA8C32C0013EBEB /* dropdown_loading_03@2x.png */; };
		1832201D1DA8C32C0013EBEB /* img_arrow_down.png in Resources */ = {isa = PBXBuildFile; fileRef = 18321F991DA8C32C0013EBEB /* img_arrow_down.png */; };
		1832201E1DA8C32C0013EBEB /* UIScrollView+SVInfiniteScrolling.m in Sources */ = {isa = PBXBuildFile; fileRef = 18321F9C1DA8C32C0013EBEB /* UIScrollView+SVInfiniteScrolling.m */; };
		1832201F1DA8C32C0013EBEB /* UIScrollView+SVPullToRefresh.m in Sources */ = {isa = PBXBuildFile; fileRef = 18321F9E1DA8C32C0013EBEB /* UIScrollView+SVPullToRefresh.m */; };
		189C36D51DAB552600E57033 /* SJPullRefreshImageView.m in Sources */ = {isa = PBXBuildFile; fileRef = 189C36D41DAB552600E57033 /* SJPullRefreshImageView.m */; };
/* End PBXBuildFile section */

/* Begin PBXFileReference section */
		18321EC01DA8C2CF0013EBEB /* SJRefresh.app */ = {isa = PBXFileReference; explicitFileType = wrapper.application; includeInIndex = 0; path = SJRefresh.app; sourceTree = BUILT_PRODUCTS_DIR; };
		18321EC41DA8C2CF0013EBEB /* main.m */ = {isa = PBXFileReference; lastKnownFileType = sourcecode.c.objc; path = main.m; sourceTree = "<group>"; };
		18321EC61DA8C2CF0013EBEB /* AppDelegate.h */ = {isa = PBXFileReference; lastKnownFileType = sourcecode.c.h; path = AppDelegate.h; sourceTree = "<group>"; };
		18321EC71DA8C2CF0013EBEB /* AppDelegate.m */ = {isa = PBXFileReference; lastKnownFileType = sourcecode.c.objc; path = AppDelegate.m; sourceTree = "<group>"; };
		18321EC91DA8C2CF0013EBEB /* ViewController.h */ = {isa = PBXFileReference; lastKnownFileType = sourcecode.c.h; path = ViewController.h; sourceTree = "<group>"; };
		18321ECA1DA8C2CF0013EBEB /* ViewController.m */ = {isa = PBXFileReference; lastKnownFileType = sourcecode.c.objc; path = ViewController.m; sourceTree = "<group>"; };
		18321ECD1DA8C2CF0013EBEB /* Base */ = {isa = PBXFileReference; lastKnownFileType = file.storyboard; name = Base; path = Base.lproj/Main.storyboard; sourceTree = "<group>"; };
		18321ECF1DA8C2CF0013EBEB /* Assets.xcassets */ = {isa = PBXFileReference; lastKnownFileType = folder.assetcatalog; path = Assets.xcassets; sourceTree = "<group>"; };
		18321ED21DA8C2CF0013EBEB /* Base */ = {isa = PBXFileReference; lastKnownFileType = file.storyboard; name = Base; path = Base.lproj/LaunchScreen.storyboard; sourceTree = "<group>"; };
		18321ED41DA8C2CF0013EBEB /* Info.plist */ = {isa = PBXFileReference; lastKnownFileType = text.plist.xml; path = Info.plist; sourceTree = "<group>"; };
		18321EDD1DA8C32C0013EBEB /* Contents.json */ = {isa = PBXFileReference; fileEncoding = 4; lastKnownFileType = text.json; path = Contents.json; sourceTree = "<group>"; };
		18321EDE1DA8C32C0013EBEB /* dropdown_anim__0001@2x.png */ = {isa = PBXFileReference; lastKnownFileType = image.png; path = "dropdown_anim__0001@2x.png"; sourceTree = "<group>"; };
		18321EE01DA8C32C0013EBEB /* Contents.json */ = {isa = PBXFileReference; fileEncoding = 4; lastKnownFileType = text.json; path = Contents.json; sourceTree = "<group>"; };
		18321EE11DA8C32C0013EBEB /* dropdown_anim__00010@2x.png */ = {isa = PBXFileReference; lastKnownFileType = image.png; path = "dropdown_anim__00010@2x.png"; sourceTree = "<group>"; };
		18321EE31DA8C32C0013EBEB /* Contents.json */ = {isa = PBXFileReference; fileEncoding = 4; lastKnownFileType = text.json; path = Contents.json; sourceTree = "<group>"; };
		18321EE41DA8C32C0013EBEB /* dropdown_anim__00011@2x.png */ = {isa = PBXFileReference; lastKnownFileType = image.png; path = "dropdown_anim__00011@2x.png"; sourceTree = "<group>"; };
		18321EE61DA8C32C0013EBEB /* Contents.json */ = {isa = PBXFileReference; fileEncoding = 4; lastKnownFileType = text.json; path = Contents.json; sourceTree = "<group>"; };
		18321EE71DA8C32C0013EBEB /* dropdown_anim__00012@2x.png */ = {isa = PBXFileReference; lastKnownFileType = image.png; path = "dropdown_anim__00012@2x.png"; sourceTree = "<group>"; };
		18321EE91DA8C32C0013EBEB /* Contents.json */ = {isa = PBXFileReference; fileEncoding = 4; lastKnownFileType = text.json; path = Contents.json; sourceTree = "<group>"; };
		18321EEA1DA8C32C0013EBEB /* dropdown_anim__00013@2x.png */ = {isa = PBXFileReference; lastKnownFileType = image.png; path = "dropdown_anim__00013@2x.png"; sourceTree = "<group>"; };
		18321EEC1DA8C32C0013EBEB /* Contents.json */ = {isa = PBXFileReference; fileEncoding = 4; lastKnownFileType = text.json; path = Contents.json; sourceTree = "<group>"; };
		18321EED1DA8C32C0013EBEB /* dropdown_anim__00014@2x.png */ = {isa = PBXFileReference; lastKnownFileType = image.png; path = "dropdown_anim__00014@2x.png"; sourceTree = "<group>"; };
		18321EEF1DA8C32C0013EBEB /* Contents.json */ = {isa = PBXFileReference; fileEncoding = 4; lastKnownFileType = text.json; path = Contents.json; sourceTree = "<group>"; };
		18321EF01DA8C32C0013EBEB /* dropdown_anim__00015@2x.png */ = {isa = PBXFileReference; lastKnownFileType = image.png; path = "dropdown_anim__00015@2x.png"; sourceTree = "<group>"; };
		18321EF21DA8C32C0013EBEB /* Contents.json */ = {isa = PBXFileReference; fileEncoding = 4; lastKnownFileType = text.json; path = Contents.json; sourceTree = "<group>"; };
		18321EF31DA8C32C0013EBEB /* dropdown_anim__00016@2x.png */ = {isa = PBXFileReference; lastKnownFileType = image.png; path = "dropdown_anim__00016@2x.png"; sourceTree = "<group>"; };
		18321EF51DA8C32C0013EBEB /* Contents.json */ = {isa = PBXFileReference; fileEncoding = 4; lastKnownFileType = text.json; path = Contents.json; sourceTree = "<group>"; };
		18321EF61DA8C32C0013EBEB /* dropdown_anim__00017@2x.png */ = {isa = PBXFileReference; lastKnownFileType = image.png; path = "dropdown_anim__00017@2x.png"; sourceTree = "<group>"; };
		18321EF81DA8C32C0013EBEB /* Contents.json */ = {isa = PBXFileReference; fileEncoding = 4; lastKnownFileType = text.json; path = Contents.json; sourceTree = "<group>"; };
		18321EF91DA8C32C0013EBEB /* dropdown_anim__00018@2x.png */ = {isa = PBXFileReference; lastKnownFileType = image.png; path = "dropdown_anim__00018@2x.png"; sourceTree = "<group>"; };
		18321EFB1DA8C32C0013EBEB /* Contents.json */ = {isa = PBXFileReference; fileEncoding = 4; lastKnownFileType = text.json; path = Contents.json; sourceTree = "<group>"; };
		18321EFC1DA8C32C0013EBEB /* dropdown_anim__00019@2x.png */ = {isa = PBXFileReference; lastKnownFileType = image.png; path = "dropdown_anim__00019@2x.png"; sourceTree = "<group>"; };
		18321EFE1DA8C32C0013EBEB /* Contents.json */ = {isa = PBXFileReference; fileEncoding = 4; lastKnownFileType = text.json; path = Contents.json; sourceTree = "<group>"; };
		18321EFF1DA8C32C0013EBEB /* dropdown_anim__0002@2x.png */ = {isa = PBXFileReference; lastKnownFileType = image.png; path = "dropdown_anim__0002@2x.png"; sourceTree = "<group>"; };
		18321F011DA8C32C0013EBEB /* Contents.json */ = {isa = PBXFileReference; fileEncoding = 4; lastKnownFileType = text.json; path = Contents.json; sourceTree = "<group>"; };
		18321F021DA8C32C0013EBEB /* dropdown_anim__00020@2x.png */ = {isa = PBXFileReference; lastKnownFileType = image.png; path = "dropdown_anim__00020@2x.png"; sourceTree = "<group>"; };
		18321F041DA8C32C0013EBEB /* Contents.json */ = {isa = PBXFileReference; fileEncoding = 4; lastKnownFileType = text.json; path = Contents.json; sourceTree = "<group>"; };
		18321F051DA8C32C0013EBEB /* dropdown_anim__00021@2x.png */ = {isa = PBXFileReference; lastKnownFileType = image.png; path = "dropdown_anim__00021@2x.png"; sourceTree = "<group>"; };
		18321F071DA8C32C0013EBEB /* Contents.json */ = {isa = PBXFileReference; fileEncoding = 4; lastKnownFileType = text.json; path = Contents.json; sourceTree = "<group>"; };
		18321F081DA8C32C0013EBEB /* dropdown_anim__00022@2x.png */ = {isa = PBXFileReference; lastKnownFileType = image.png; path = "dropdown_anim__00022@2x.png"; sourceTree = "<group>"; };
		18321F0A1DA8C32C0013EBEB /* Contents.json */ = {isa = PBXFileReference; fileEncoding = 4; lastKnownFileType = text.json; path = Contents.json; sourceTree = "<group>"; };
		18321F0B1DA8C32C0013EBEB /* dropdown_anim__00023@2x.png */ = {isa = PBXFileReference; lastKnownFileType = image.png; path = "dropdown_anim__00023@2x.png"; sourceTree = "<group>"; };
		18321F0D1DA8C32C0013EBEB /* Contents.json */ = {isa = PBXFileReference; fileEncoding = 4; lastKnownFileType = text.json; path = Contents.json; sourceTree = "<group>"; };
		18321F0E1DA8C32C0013EBEB /* dropdown_anim__00024@2x.png */ = {isa = PBXFileReference; lastKnownFileType = image.png; path = "dropdown_anim__00024@2x.png"; sourceTree = "<group>"; };
		18321F101DA8C32C0013EBEB /* Contents.json */ = {isa = PBXFileReference; fileEncoding = 4; lastKnownFileType = text.json; path = Contents.json; sourceTree = "<group>"; };
		18321F111DA8C32C0013EBEB /* dropdown_anim__00025@2x.png */ = {isa = PBXFileReference; lastKnownFileType = image.png; path = "dropdown_anim__00025@2x.png"; sourceTree = "<group>"; };
		18321F131DA8C32C0013EBEB /* Contents.json */ = {isa = PBXFileReference; fileEncoding = 4; lastKnownFileType = text.json; path = Contents.json; sourceTree = "<group>"; };
		18321F141DA8C32C0013EBEB /* dropdown_anim__00026@2x.png */ = {isa = PBXFileReference; lastKnownFileType = image.png; path = "dropdown_anim__00026@2x.png"; sourceTree = "<group>"; };
		18321F161DA8C32C0013EBEB /* Contents.json */ = {isa = PBXFileReference; fileEncoding = 4; lastKnownFileType = text.json; path = Contents.json; sourceTree = "<group>"; };
		18321F171DA8C32C0013EBEB /* dropdown_anim__00027@2x.png */ = {isa = PBXFileReference; lastKnownFileType = image.png; path = "dropdown_anim__00027@2x.png"; sourceTree = "<group>"; };
		18321F191DA8C32C0013EBEB /* Contents.json */ = {isa = PBXFileReference; fileEncoding = 4; lastKnownFileType = text.json; path = Contents.json; sourceTree = "<group>"; };
		18321F1A1DA8C32C0013EBEB /* dropdown_anim__00028@2x.png */ = {isa = PBXFileReference; lastKnownFileType = image.png; path = "dropdown_anim__00028@2x.png"; sourceTree = "<group>"; };
		18321F1C1DA8C32C0013EBEB /* Contents.json */ = {isa = PBXFileReference; fileEncoding = 4; lastKnownFileType = text.json; path = Contents.json; sourceTree = "<group>"; };
		18321F1D1DA8C32C0013EBEB /* dropdown_anim__00029@2x.png */ = {isa = PBXFileReference; lastKnownFileType = image.png; path = "dropdown_anim__00029@2x.png"; sourceTree = "<group>"; };
		18321F1F1DA8C32C0013EBEB /* Contents.json */ = {isa = PBXFileReference; fileEncoding = 4; lastKnownFileType = text.json; path = Contents.json; sourceTree = "<group>"; };
		18321F201DA8C32C0013EBEB /* dropdown_anim__0003@2x.png */ = {isa = PBXFileReference; lastKnownFileType = image.png; path = "dropdown_anim__0003@2x.png"; sourceTree = "<group>"; };
		18321F221DA8C32C0013EBEB /* Contents.json */ = {isa = PBXFileReference; fileEncoding = 4; lastKnownFileType = text.json; path = Contents.json; sourceTree = "<group>"; };
		18321F231DA8C32C0013EBEB /* dropdown_anim__00030@2x.png */ = {isa = PBXFileReference; lastKnownFileType = image.png; path = "dropdown_anim__00030@2x.png"; sourceTree = "<group>"; };
		18321F251DA8C32C0013EBEB /* Contents.json */ = {isa = PBXFileReference; fileEncoding = 4; lastKnownFileType = text.json; path = Contents.json; sourceTree = "<group>"; };
		18321F261DA8C32C0013EBEB /* dropdown_anim__00031@2x.png */ = {isa = PBXFileReference; lastKnownFileType = image.png; path = "dropdown_anim__00031@2x.png"; sourceTree = "<group>"; };
		18321F281DA8C32C0013EBEB /* Contents.json */ = {isa = PBXFileReference; fileEncoding = 4; lastKnownFileType = text.json; path = Contents.json; sourceTree = "<group>"; };
		18321F291DA8C32C0013EBEB /* dropdown_anim__00032@2x.png */ = {isa = PBXFileReference; lastKnownFileType = image.png; path = "dropdown_anim__00032@2x.png"; sourceTree = "<group>"; };
		18321F2B1DA8C32C0013EBEB /* Contents.json */ = {isa = PBXFileReference; fileEncoding = 4; lastKnownFileType = text.json; path = Contents.json; sourceTree = "<group>"; };
		18321F2C1DA8C32C0013EBEB /* dropdown_anim__00033@2x.png */ = {isa = PBXFileReference; lastKnownFileType = image.png; path = "dropdown_anim__00033@2x.png"; sourceTree = "<group>"; };
		18321F2E1DA8C32C0013EBEB /* Contents.json */ = {isa = PBXFileReference; fileEncoding = 4; lastKnownFileType = text.json; path = Contents.json; sourceTree = "<group>"; };
		18321F2F1DA8C32C0013EBEB /* dropdown_anim__00034@2x.png */ = {isa = PBXFileReference; lastKnownFileType = image.png; path = "dropdown_anim__00034@2x.png"; sourceTree = "<group>"; };
		18321F311DA8C32C0013EBEB /* Contents.json */ = {isa = PBXFileReference; fileEncoding = 4; lastKnownFileType = text.json; path = Contents.json; sourceTree = "<group>"; };
		18321F321DA8C32C0013EBEB /* dropdown_anim__00035@2x.png */ = {isa = PBXFileReference; lastKnownFileType = image.png; path = "dropdown_anim__00035@2x.png"; sourceTree = "<group>"; };
		18321F341DA8C32C0013EBEB /* Contents.json */ = {isa = PBXFileReference; fileEncoding = 4; lastKnownFileType = text.json; path = Contents.json; sourceTree = "<group>"; };
		18321F351DA8C32C0013EBEB /* dropdown_anim__00036@2x.png */ = {isa = PBXFileReference; lastKnownFileType = image.png; path = "dropdown_anim__00036@2x.png"; sourceTree = "<group>"; };
		18321F371DA8C32C0013EBEB /* Contents.json */ = {isa = PBXFileReference; fileEncoding = 4; lastKnownFileType = text.json; path = Contents.json; sourceTree = "<group>"; };
		18321F381DA8C32C0013EBEB /* dropdown_anim__00037@2x.png */ = {isa = PBXFileReference; lastKnownFileType = image.png; path = "dropdown_anim__00037@2x.png"; sourceTree = "<group>"; };
		18321F3A1DA8C32C0013EBEB /* Contents.json */ = {isa = PBXFileReference; fileEncoding = 4; lastKnownFileType = text.json; path = Contents.json; sourceTree = "<group>"; };
		18321F3B1DA8C32C0013EBEB /* dropdown_anim__00038@2x.png */ = {isa = PBXFileReference; lastKnownFileType = image.png; path = "dropdown_anim__00038@2x.png"; sourceTree = "<group>"; };
		18321F3D1DA8C32C0013EBEB /* Contents.json */ = {isa = PBXFileReference; fileEncoding = 4; lastKnownFileType = text.json; path = Contents.json; sourceTree = "<group>"; };
		18321F3E1DA8C32C0013EBEB /* dropdown_anim__00039@2x.png */ = {isa = PBXFileReference; lastKnownFileType = image.png; path = "dropdown_anim__00039@2x.png"; sourceTree = "<group>"; };
		18321F401DA8C32C0013EBEB /* Contents.json */ = {isa = PBXFileReference; fileEncoding = 4; lastKnownFileType = text.json; path = Contents.json; sourceTree = "<group>"; };
		18321F411DA8C32C0013EBEB /* dropdown_anim__0004@2x.png */ = {isa = PBXFileReference; lastKnownFileType = image.png; path = "dropdown_anim__0004@2x.png"; sourceTree = "<group>"; };
		18321F431DA8C32C0013EBEB /* Contents.json */ = {isa = PBXFileReference; fileEncoding = 4; lastKnownFileType = text.json; path = Contents.json; sourceTree = "<group>"; };
		18321F441DA8C32C0013EBEB /* dropdown_anim__00040@2x.png */ = {isa = PBXFileReference; lastKnownFileType = image.png; path = "dropdown_anim__00040@2x.png"; sourceTree = "<group>"; };
		18321F461DA8C32C0013EBEB /* Contents.json */ = {isa = PBXFileReference; fileEncoding = 4; lastKnownFileType = text.json; path = Contents.json; sourceTree = "<group>"; };
		18321F471DA8C32C0013EBEB /* dropdown_anim__00041@2x.png */ = {isa = PBXFileReference; lastKnownFileType = image.png; path = "dropdown_anim__00041@2x.png"; sourceTree = "<group>"; };
		18321F491DA8C32C0013EBEB /* Contents.json */ = {isa = PBXFileReference; fileEncoding = 4; lastKnownFileType = text.json; path = Contents.json; sourceTree = "<group>"; };
		18321F4A1DA8C32C0013EBEB /* dropdown_anim__00042@2x.png */ = {isa = PBXFileReference; lastKnownFileType = image.png; path = "dropdown_anim__00042@2x.png"; sourceTree = "<group>"; };
		18321F4C1DA8C32C0013EBEB /* Contents.json */ = {isa = PBXFileReference; fileEncoding = 4; lastKnownFileType = text.json; path = Contents.json; sourceTree = "<group>"; };
		18321F4D1DA8C32C0013EBEB /* dropdown_anim__00043@2x.png */ = {isa = PBXFileReference; lastKnownFileType = image.png; path = "dropdown_anim__00043@2x.png"; sourceTree = "<group>"; };
		18321F4F1DA8C32C0013EBEB /* Contents.json */ = {isa = PBXFileReference; fileEncoding = 4; lastKnownFileType = text.json; path = Contents.json; sourceTree = "<group>"; };
		18321F501DA8C32C0013EBEB /* dropdown_anim__00044@2x.png */ = {isa = PBXFileReference; lastKnownFileType = image.png; path = "dropdown_anim__00044@2x.png"; sourceTree = "<group>"; };
		18321F521DA8C32C0013EBEB /* Contents.json */ = {isa = PBXFileReference; fileEncoding = 4; lastKnownFileType = text.json; path = Contents.json; sourceTree = "<group>"; };
		18321F531DA8C32C0013EBEB /* dropdown_anim__00045@2x.png */ = {isa = PBXFileReference; lastKnownFileType = image.png; path = "dropdown_anim__00045@2x.png"; sourceTree = "<group>"; };
		18321F551DA8C32C0013EBEB /* Contents.json */ = {isa = PBXFileReference; fileEncoding = 4; lastKnownFileType = text.json; path = Contents.json; sourceTree = "<group>"; };
		18321F561DA8C32C0013EBEB /* dropdown_anim__00046@2x.png */ = {isa = PBXFileReference; lastKnownFileType = image.png; path = "dropdown_anim__00046@2x.png"; sourceTree = "<group>"; };
		18321F581DA8C32C0013EBEB /* Contents.json */ = {isa = PBXFileReference; fileEncoding = 4; lastKnownFileType = text.json; path = Contents.json; sourceTree = "<group>"; };
		18321F591DA8C32C0013EBEB /* dropdown_anim__00047@2x.png */ = {isa = PBXFileReference; lastKnownFileType = image.png; path = "dropdown_anim__00047@2x.png"; sourceTree = "<group>"; };
		18321F5B1DA8C32C0013EBEB /* Contents.json */ = {isa = PBXFileReference; fileEncoding = 4; lastKnownFileType = text.json; path = Contents.json; sourceTree = "<group>"; };
		18321F5C1DA8C32C0013EBEB /* dropdown_anim__00048@2x.png */ = {isa = PBXFileReference; lastKnownFileType = image.png; path = "dropdown_anim__00048@2x.png"; sourceTree = "<group>"; };
		18321F5E1DA8C32C0013EBEB /* Contents.json */ = {isa = PBXFileReference; fileEncoding = 4; lastKnownFileType = text.json; path = Contents.json; sourceTree = "<group>"; };
		18321F5F1DA8C32C0013EBEB /* dropdown_anim__00049@2x.png */ = {isa = PBXFileReference; lastKnownFileType = image.png; path = "dropdown_anim__00049@2x.png"; sourceTree = "<group>"; };
		18321F611DA8C32C0013EBEB /* Contents.json */ = {isa = PBXFileReference; fileEncoding = 4; lastKnownFileType = text.json; path = Contents.json; sourceTree = "<group>"; };
		18321F621DA8C32C0013EBEB /* dropdown_anim__0005@2x.png */ = {isa = PBXFileReference; lastKnownFileType = image.png; path = "dropdown_anim__0005@2x.png"; sourceTree = "<group>"; };
		18321F641DA8C32C0013EBEB /* Contents.json */ = {isa = PBXFileReference; fileEncoding = 4; lastKnownFileType = text.json; path = Contents.json; sourceTree = "<group>"; };
		18321F651DA8C32C0013EBEB /* dropdown_anim__00050@2x.png */ = {isa = PBXFileReference; lastKnownFileType = image.png; path = "dropdown_anim__00050@2x.png"; sourceTree = "<group>"; };
		18321F671DA8C32C0013EBEB /* Contents.json */ = {isa = PBXFileReference; fileEncoding = 4; lastKnownFileType = text.json; path = Contents.json; sourceTree = "<group>"; };
		18321F681DA8C32C0013EBEB /* dropdown_anim__00051@2x.png */ = {isa = PBXFileReference; lastKnownFileType = image.png; path = "dropdown_anim__00051@2x.png"; sourceTree = "<group>"; };
		18321F6A1DA8C32C0013EBEB /* Contents.json */ = {isa = PBXFileReference; fileEncoding = 4; lastKnownFileType = text.json; path = Contents.json; sourceTree = "<group>"; };
		18321F6B1DA8C32C0013EBEB /* dropdown_anim__00052@2x.png */ = {isa = PBXFileReference; lastKnownFileType = image.png; path = "dropdown_anim__00052@2x.png"; sourceTree = "<group>"; };
		18321F6D1DA8C32C0013EBEB /* Contents.json */ = {isa = PBXFileReference; fileEncoding = 4; lastKnownFileType = text.json; path = Contents.json; sourceTree = "<group>"; };
		18321F6E1DA8C32C0013EBEB /* dropdown_anim__00053@2x.png */ = {isa = PBXFileReference; lastKnownFileType = image.png; path = "dropdown_anim__00053@2x.png"; sourceTree = "<group>"; };
		18321F701DA8C32C0013EBEB /* Contents.json */ = {isa = PBXFileReference; fileEncoding = 4; lastKnownFileType = text.json; path = Contents.json; sourceTree = "<group>"; };
		18321F711DA8C32C0013EBEB /* dropdown_anim__00054@2x.png */ = {isa = PBXFileReference; lastKnownFileType = image.png; path = "dropdown_anim__00054@2x.png"; sourceTree = "<group>"; };
		18321F731DA8C32C0013EBEB /* Contents.json */ = {isa = PBXFileReference; fileEncoding = 4; lastKnownFileType = text.json; path = Contents.json; sourceTree = "<group>"; };
		18321F741DA8C32C0013EBEB /* dropdown_anim__00055@2x.png */ = {isa = PBXFileReference; lastKnownFileType = image.png; path = "dropdown_anim__00055@2x.png"; sourceTree = "<group>"; };
		18321F761DA8C32C0013EBEB /* Contents.json */ = {isa = PBXFileReference; fileEncoding = 4; lastKnownFileType = text.json; path = Contents.json; sourceTree = "<group>"; };
		18321F771DA8C32C0013EBEB /* dropdown_anim__00056@2x.png */ = {isa = PBXFileReference; lastKnownFileType = image.png; path = "dropdown_anim__00056@2x.png"; sourceTree = "<group>"; };
		18321F791DA8C32C0013EBEB /* Contents.json */ = {isa = PBXFileReference; fileEncoding = 4; lastKnownFileType = text.json; path = Contents.json; sourceTree = "<group>"; };
		18321F7A1DA8C32C0013EBEB /* dropdown_anim__00057@2x.png */ = {isa = PBXFileReference; lastKnownFileType = image.png; path = "dropdown_anim__00057@2x.png"; sourceTree = "<group>"; };
		18321F7C1DA8C32C0013EBEB /* Contents.json */ = {isa = PBXFileReference; fileEncoding = 4; lastKnownFileType = text.json; path = Contents.json; sourceTree = "<group>"; };
		18321F7D1DA8C32C0013EBEB /* dropdown_anim__00058@2x.png */ = {isa = PBXFileReference; lastKnownFileType = image.png; path = "dropdown_anim__00058@2x.png"; sourceTree = "<group>"; };
		18321F7F1DA8C32C0013EBEB /* Contents.json */ = {isa = PBXFileReference; fileEncoding = 4; lastKnownFileType = text.json; path = Contents.json; sourceTree = "<group>"; };
		18321F801DA8C32C0013EBEB /* dropdown_anim__00059@2x.png */ = {isa = PBXFileReference; lastKnownFileType = image.png; path = "dropdown_anim__00059@2x.png"; sourceTree = "<group>"; };
		18321F821DA8C32C0013EBEB /* Contents.json */ = {isa = PBXFileReference; fileEncoding = 4; lastKnownFileType = text.json; path = Contents.json; sourceTree = "<group>"; };
		18321F831DA8C32C0013EBEB /* dropdown_anim__0006@2x.png */ = {isa = PBXFileReference; lastKnownFileType = image.png; path = "dropdown_anim__0006@2x.png"; sourceTree = "<group>"; };
		18321F851DA8C32C0013EBEB /* Contents.json */ = {isa = PBXFileReference; fileEncoding = 4; lastKnownFileType = text.json; path = Contents.json; sourceTree = "<group>"; };
		18321F861DA8C32C0013EBEB /* dropdown_anim__00060@2x.png */ = {isa = PBXFileReference; lastKnownFileType = image.png; path = "dropdown_anim__00060@2x.png"; sourceTree = "<group>"; };
		18321F881DA8C32C0013EBEB /* Contents.json */ = {isa = PBXFileReference; fileEncoding = 4; lastKnownFileType = text.json; path = Contents.json; sourceTree = "<group>"; };
		18321F891DA8C32C0013EBEB /* dropdown_anim__0007@2x.png */ = {isa = PBXFileReference; lastKnownFileType = image.png; path = "dropdown_anim__0007@2x.png"; sourceTree = "<group>"; };
		18321F8B1DA8C32C0013EBEB /* Contents.json */ = {isa = PBXFileReference; fileEncoding = 4; lastKnownFileType = text.json; path = Contents.json; sourceTree = "<group>"; };
		18321F8C1DA8C32C0013EBEB /* dropdown_anim__0008@2x.png */ = {isa = PBXFileReference; lastKnownFileType = image.png; path = "dropdown_anim__0008@2x.png"; sourceTree = "<group>"; };
		18321F8E1DA8C32C0013EBEB /* Contents.json */ = {isa = PBXFileReference; fileEncoding = 4; lastKnownFileType = text.json; path = Contents.json; sourceTree = "<group>"; };
		18321F8F1DA8C32C0013EBEB /* dropdown_anim__0009@2x.png */ = {isa = PBXFileReference; lastKnownFileType = image.png; path = "dropdown_anim__0009@2x.png"; sourceTree = "<group>"; };
		18321F911DA8C32C0013EBEB /* Contents.json */ = {isa = PBXFileReference; fileEncoding = 4; lastKnownFileType = text.json; path = Contents.json; sourceTree = "<group>"; };
		18321F921DA8C32C0013EBEB /* dropdown_loading_01@2x.png */ = {isa = PBXFileReference; lastKnownFileType = image.png; path = "dropdown_loading_01@2x.png"; sourceTree = "<group>"; };
		18321F941DA8C32C0013EBEB /* Contents.json */ = {isa = PBXFileReference; fileEncoding = 4; lastKnownFileType = text.json; path = Contents.json; sourceTree = "<group>"; };
		18321F951DA8C32C0013EBEB /* dropdown_loading_02@2x.png */ = {isa = PBXFileReference; lastKnownFileType = image.png; path = "dropdown_loading_02@2x.png"; sourceTree = "<group>"; };
		18321F971DA8C32C0013EBEB /* Contents.json */ = {isa = PBXFileReference; fileEncoding = 4; lastKnownFileType = text.json; path = Contents.json; sourceTree = "<group>"; };
		18321F981DA8C32C0013EBEB /* dropdown_loading_03@2x.png */ = {isa = PBXFileReference; lastKnownFileType = image.png; path = "dropdown_loading_03@2x.png"; sourceTree = "<group>"; };
		18321F991DA8C32C0013EBEB /* img_arrow_down.png */ = {isa = PBXFileReference; lastKnownFileType = image.png; path = img_arrow_down.png; sourceTree = "<group>"; };
		18321F9A1DA8C32C0013EBEB /* SVPullToRefresh.h */ = {isa = PBXFileReference; fileEncoding = 4; lastKnownFileType = sourcecode.c.h; path = SVPullToRefresh.h; sourceTree = "<group>"; };
		18321F9B1DA8C32C0013EBEB /* UIScrollView+SVInfiniteScrolling.h */ = {isa = PBXFileReference; fileEncoding = 4; lastKnownFileType = sourcecode.c.h; path = "UIScrollView+SVInfiniteScrolling.h"; sourceTree = "<group>"; };
		18321F9C1DA8C32C0013EBEB /* UIScrollView+SVInfiniteScrolling.m */ = {isa = PBXFileReference; fileEncoding = 4; lastKnownFileType = sourcecode.c.objc; path = "UIScrollView+SVInfiniteScrolling.m"; sourceTree = "<group>"; };
		18321F9D1DA8C32C0013EBEB /* UIScrollView+SVPullToRefresh.h */ = {isa = PBXFileReference; fileEncoding = 4; lastKnownFileType = sourcecode.c.h; path = "UIScrollView+SVPullToRefresh.h"; sourceTree = "<group>"; };
		18321F9E1DA8C32C0013EBEB /* UIScrollView+SVPullToRefresh.m */ = {isa = PBXFileReference; fileEncoding = 4; lastKnownFileType = sourcecode.c.objc; path = "UIScrollView+SVPullToRefresh.m"; sourceTree = "<group>"; };
		189C36D31DAB552600E57033 /* SJPullRefreshImageView.h */ = {isa = PBXFileReference; fileEncoding = 4; lastKnownFileType = sourcecode.c.h; path = SJPullRefreshImageView.h; sourceTree = "<group>"; };
		189C36D41DAB552600E57033 /* SJPullRefreshImageView.m */ = {isa = PBXFileReference; fileEncoding = 4; lastKnownFileType = sourcecode.c.objc; path = SJPullRefreshImageView.m; sourceTree = "<group>"; };
/* End PBXFileReference section */

/* Begin PBXFrameworksBuildPhase section */
		18321EBD1DA8C2CF0013EBEB /* Frameworks */ = {
			isa = PBXFrameworksBuildPhase;
			buildActionMask = 2147483647;
			files = (
			);
			runOnlyForDeploymentPostprocessing = 0;
		};
/* End PBXFrameworksBuildPhase section */

/* Begin PBXGroup section */
		18321EB71DA8C2CF0013EBEB = {
			isa = PBXGroup;
			children = (
				18321EC21DA8C2CF0013EBEB /* SJRefresh */,
				18321EC11DA8C2CF0013EBEB /* Products */,
			);
			sourceTree = "<group>";
		};
		18321EC11DA8C2CF0013EBEB /* Products */ = {
			isa = PBXGroup;
			children = (
				18321EC01DA8C2CF0013EBEB /* SJRefresh.app */,
			);
			name = Products;
			sourceTree = "<group>";
		};
		18321EC21DA8C2CF0013EBEB /* SJRefresh */ = {
			isa = PBXGroup;
			children = (
				189C36D21DAB552600E57033 /* SJPullRefreshImageView */,
				18321EDA1DA8C32C0013EBEB /* SVPullToRefresh */,
				18321EC31DA8C2CF0013EBEB /* Supporting Files */,
			);
			path = SJRefresh;
			sourceTree = "<group>";
		};
		18321EC31DA8C2CF0013EBEB /* Supporting Files */ = {
			isa = PBXGroup;
			children = (
				18321EC41DA8C2CF0013EBEB /* main.m */,
				18321EC61DA8C2CF0013EBEB /* AppDelegate.h */,
				18321EC71DA8C2CF0013EBEB /* AppDelegate.m */,
				18321EC91DA8C2CF0013EBEB /* ViewController.h */,
				18321ECA1DA8C2CF0013EBEB /* ViewController.m */,
				18321ECC1DA8C2CF0013EBEB /* Main.storyboard */,
				18321ECF1DA8C2CF0013EBEB /* Assets.xcassets */,
				18321ED11DA8C2CF0013EBEB /* LaunchScreen.storyboard */,
				18321ED41DA8C2CF0013EBEB /* Info.plist */,
			);
			name = "Supporting Files";
			sourceTree = "<group>";
		};
		18321EDA1DA8C32C0013EBEB /* SVPullToRefresh */ = {
			isa = PBXGroup;
			children = (
				18321EDB1DA8C32C0013EBEB /* DianPing */,
				18321F991DA8C32C0013EBEB /* img_arrow_down.png */,
				18321F9A1DA8C32C0013EBEB /* SVPullToRefresh.h */,
				18321F9B1DA8C32C0013EBEB /* UIScrollView+SVInfiniteScrolling.h */,
				18321F9C1DA8C32C0013EBEB /* UIScrollView+SVInfiniteScrolling.m */,
				18321F9D1DA8C32C0013EBEB /* UIScrollView+SVPullToRefresh.h */,
				18321F9E1DA8C32C0013EBEB /* UIScrollView+SVPullToRefresh.m */,
			);
			path = SVPullToRefresh;
			sourceTree = "<group>";
		};
		18321EDB1DA8C32C0013EBEB /* DianPing */ = {
			isa = PBXGroup;
			children = (
				18321EDC1DA8C32C0013EBEB /* dropdown_anim__0001.imageset */,
				18321EDF1DA8C32C0013EBEB /* dropdown_anim__00010.imageset */,
				18321EE21DA8C32C0013EBEB /* dropdown_anim__00011.imageset */,
				18321EE51DA8C32C0013EBEB /* dropdown_anim__00012.imageset */,
				18321EE81DA8C32C0013EBEB /* dropdown_anim__00013.imageset */,
				18321EEB1DA8C32C0013EBEB /* dropdown_anim__00014.imageset */,
				18321EEE1DA8C32C0013EBEB /* dropdown_anim__00015.imageset */,
				18321EF11DA8C32C0013EBEB /* dropdown_anim__00016.imageset */,
				18321EF41DA8C32C0013EBEB /* dropdown_anim__00017.imageset */,
				18321EF71DA8C32C0013EBEB /* dropdown_anim__00018.imageset */,
				18321EFA1DA8C32C0013EBEB /* dropdown_anim__00019.imageset */,
				18321EFD1DA8C32C0013EBEB /* dropdown_anim__0002.imageset */,
				18321F001DA8C32C0013EBEB /* dropdown_anim__00020.imageset */,
				18321F031DA8C32C0013EBEB /* dropdown_anim__00021.imageset */,
				18321F061DA8C32C0013EBEB /* dropdown_anim__00022.imageset */,
				18321F091DA8C32C0013EBEB /* dropdown_anim__00023.imageset */,
				18321F0C1DA8C32C0013EBEB /* dropdown_anim__00024.imageset */,
				18321F0F1DA8C32C0013EBEB /* dropdown_anim__00025.imageset */,
				18321F121DA8C32C0013EBEB /* dropdown_anim__00026.imageset */,
				18321F151DA8C32C0013EBEB /* dropdown_anim__00027.imageset */,
				18321F181DA8C32C0013EBEB /* dropdown_anim__00028.imageset */,
				18321F1B1DA8C32C0013EBEB /* dropdown_anim__00029.imageset */,
				18321F1E1DA8C32C0013EBEB /* dropdown_anim__0003.imageset */,
				18321F211DA8C32C0013EBEB /* dropdown_anim__00030.imageset */,
				18321F241DA8C32C0013EBEB /* dropdown_anim__00031.imageset */,
				18321F271DA8C32C0013EBEB /* dropdown_anim__00032.imageset */,
				18321F2A1DA8C32C0013EBEB /* dropdown_anim__00033.imageset */,
				18321F2D1DA8C32C0013EBEB /* dropdown_anim__00034.imageset */,
				18321F301DA8C32C0013EBEB /* dropdown_anim__00035.imageset */,
				18321F331DA8C32C0013EBEB /* dropdown_anim__00036.imageset */,
				18321F361DA8C32C0013EBEB /* dropdown_anim__00037.imageset */,
				18321F391DA8C32C0013EBEB /* dropdown_anim__00038.imageset */,
				18321F3C1DA8C32C0013EBEB /* dropdown_anim__00039.imageset */,
				18321F3F1DA8C32C0013EBEB /* dropdown_anim__0004.imageset */,
				18321F421DA8C32C0013EBEB /* dropdown_anim__00040.imageset */,
				18321F451DA8C32C0013EBEB /* dropdown_anim__00041.imageset */,
				18321F481DA8C32C0013EBEB /* dropdown_anim__00042.imageset */,
				18321F4B1DA8C32C0013EBEB /* dropdown_anim__00043.imageset */,
				18321F4E1DA8C32C0013EBEB /* dropdown_anim__00044.imageset */,
				18321F511DA8C32C0013EBEB /* dropdown_anim__00045.imageset */,
				18321F541DA8C32C0013EBEB /* dropdown_anim__00046.imageset */,
				18321F571DA8C32C0013EBEB /* dropdown_anim__00047.imageset */,
				18321F5A1DA8C32C0013EBEB /* dropdown_anim__00048.imageset */,
				18321F5D1DA8C32C0013EBEB /* dropdown_anim__00049.imageset */,
				18321F601DA8C32C0013EBEB /* dropdown_anim__0005.imageset */,
				18321F631DA8C32C0013EBEB /* dropdown_anim__00050.imageset */,
				18321F661DA8C32C0013EBEB /* dropdown_anim__00051.imageset */,
				18321F691DA8C32C0013EBEB /* dropdown_anim__00052.imageset */,
				18321F6C1DA8C32C0013EBEB /* dropdown_anim__00053.imageset */,
				18321F6F1DA8C32C0013EBEB /* dropdown_anim__00054.imageset */,
				18321F721DA8C32C0013EBEB /* dropdown_anim__00055.imageset */,
				18321F751DA8C32C0013EBEB /* dropdown_anim__00056.imageset */,
				18321F781DA8C32C0013EBEB /* dropdown_anim__00057.imageset */,
				18321F7B1DA8C32C0013EBEB /* dropdown_anim__00058.imageset */,
				18321F7E1DA8C32C0013EBEB /* dropdown_anim__00059.imageset */,
				18321F811DA8C32C0013EBEB /* dropdown_anim__0006.imageset */,
				18321F841DA8C32C0013EBEB /* dropdown_anim__00060.imageset */,
				18321F871DA8C32C0013EBEB /* dropdown_anim__0007.imageset */,
				18321F8A1DA8C32C0013EBEB /* dropdown_anim__0008.imageset */,
				18321F8D1DA8C32C0013EBEB /* dropdown_anim__0009.imageset */,
				18321F901DA8C32C0013EBEB /* dropdown_loading_01.imageset */,
				18321F931DA8C32C0013EBEB /* dropdown_loading_02.imageset */,
				18321F961DA8C32C0013EBEB /* dropdown_loading_03.imageset */,
			);
			path = DianPing;
			sourceTree = "<group>";
		};
		18321EDC1DA8C32C0013EBEB /* dropdown_anim__0001.imageset */ = {
			isa = PBXGroup;
			children = (
				18321EDD1DA8C32C0013EBEB /* Contents.json */,
				18321EDE1DA8C32C0013EBEB /* dropdown_anim__0001@2x.png */,
			);
			path = dropdown_anim__0001.imageset;
			sourceTree = "<group>";
		};
		18321EDF1DA8C32C0013EBEB /* dropdown_anim__00010.imageset */ = {
			isa = PBXGroup;
			children = (
				18321EE01DA8C32C0013EBEB /* Contents.json */,
				18321EE11DA8C32C0013EBEB /* dropdown_anim__00010@2x.png */,
			);
			path = dropdown_anim__00010.imageset;
			sourceTree = "<group>";
		};
		18321EE21DA8C32C0013EBEB /* dropdown_anim__00011.imageset */ = {
			isa = PBXGroup;
			children = (
				18321EE31DA8C32C0013EBEB /* Contents.json */,
				18321EE41DA8C32C0013EBEB /* dropdown_anim__00011@2x.png */,
			);
			path = dropdown_anim__00011.imageset;
			sourceTree = "<group>";
		};
		18321EE51DA8C32C0013EBEB /* dropdown_anim__00012.imageset */ = {
			isa = PBXGroup;
			children = (
				18321EE61DA8C32C0013EBEB /* Contents.json */,
				18321EE71DA8C32C0013EBEB /* dropdown_anim__00012@2x.png */,
			);
			path = dropdown_anim__00012.imageset;
			sourceTree = "<group>";
		};
		18321EE81DA8C32C0013EBEB /* dropdown_anim__00013.imageset */ = {
			isa = PBXGroup;
			children = (
				18321EE91DA8C32C0013EBEB /* Contents.json */,
				18321EEA1DA8C32C0013EBEB /* dropdown_anim__00013@2x.png */,
			);
			path = dropdown_anim__00013.imageset;
			sourceTree = "<group>";
		};
		18321EEB1DA8C32C0013EBEB /* dropdown_anim__00014.imageset */ = {
			isa = PBXGroup;
			children = (
				18321EEC1DA8C32C0013EBEB /* Contents.json */,
				18321EED1DA8C32C0013EBEB /* dropdown_anim__00014@2x.png */,
			);
			path = dropdown_anim__00014.imageset;
			sourceTree = "<group>";
		};
		18321EEE1DA8C32C0013EBEB /* dropdown_anim__00015.imageset */ = {
			isa = PBXGroup;
			children = (
				18321EEF1DA8C32C0013EBEB /* Contents.json */,
				18321EF01DA8C32C0013EBEB /* dropdown_anim__00015@2x.png */,
			);
			path = dropdown_anim__00015.imageset;
			sourceTree = "<group>";
		};
		18321EF11DA8C32C0013EBEB /* dropdown_anim__00016.imageset */ = {
			isa = PBXGroup;
			children = (
				18321EF21DA8C32C0013EBEB /* Contents.json */,
				18321EF31DA8C32C0013EBEB /* dropdown_anim__00016@2x.png */,
			);
			path = dropdown_anim__00016.imageset;
			sourceTree = "<group>";
		};
		18321EF41DA8C32C0013EBEB /* dropdown_anim__00017.imageset */ = {
			isa = PBXGroup;
			children = (
				18321EF51DA8C32C0013EBEB /* Contents.json */,
				18321EF61DA8C32C0013EBEB /* dropdown_anim__00017@2x.png */,
			);
			path = dropdown_anim__00017.imageset;
			sourceTree = "<group>";
		};
		18321EF71DA8C32C0013EBEB /* dropdown_anim__00018.imageset */ = {
			isa = PBXGroup;
			children = (
				18321EF81DA8C32C0013EBEB /* Contents.json */,
				18321EF91DA8C32C0013EBEB /* dropdown_anim__00018@2x.png */,
			);
			path = dropdown_anim__00018.imageset;
			sourceTree = "<group>";
		};
		18321EFA1DA8C32C0013EBEB /* dropdown_anim__00019.imageset */ = {
			isa = PBXGroup;
			children = (
				18321EFB1DA8C32C0013EBEB /* Contents.json */,
				18321EFC1DA8C32C0013EBEB /* dropdown_anim__00019@2x.png */,
			);
			path = dropdown_anim__00019.imageset;
			sourceTree = "<group>";
		};
		18321EFD1DA8C32C0013EBEB /* dropdown_anim__0002.imageset */ = {
			isa = PBXGroup;
			children = (
				18321EFE1DA8C32C0013EBEB /* Contents.json */,
				18321EFF1DA8C32C0013EBEB /* dropdown_anim__0002@2x.png */,
			);
			path = dropdown_anim__0002.imageset;
			sourceTree = "<group>";
		};
		18321F001DA8C32C0013EBEB /* dropdown_anim__00020.imageset */ = {
			isa = PBXGroup;
			children = (
				18321F011DA8C32C0013EBEB /* Contents.json */,
				18321F021DA8C32C0013EBEB /* dropdown_anim__00020@2x.png */,
			);
			path = dropdown_anim__00020.imageset;
			sourceTree = "<group>";
		};
		18321F031DA8C32C0013EBEB /* dropdown_anim__00021.imageset */ = {
			isa = PBXGroup;
			children = (
				18321F041DA8C32C0013EBEB /* Contents.json */,
				18321F051DA8C32C0013EBEB /* dropdown_anim__00021@2x.png */,
			);
			path = dropdown_anim__00021.imageset;
			sourceTree = "<group>";
		};
		18321F061DA8C32C0013EBEB /* dropdown_anim__00022.imageset */ = {
			isa = PBXGroup;
			children = (
				18321F071DA8C32C0013EBEB /* Contents.json */,
				18321F081DA8C32C0013EBEB /* dropdown_anim__00022@2x.png */,
			);
			path = dropdown_anim__00022.imageset;
			sourceTree = "<group>";
		};
		18321F091DA8C32C0013EBEB /* dropdown_anim__00023.imageset */ = {
			isa = PBXGroup;
			children = (
				18321F0A1DA8C32C0013EBEB /* Contents.json */,
				18321F0B1DA8C32C0013EBEB /* dropdown_anim__00023@2x.png */,
			);
			path = dropdown_anim__00023.imageset;
			sourceTree = "<group>";
		};
		18321F0C1DA8C32C0013EBEB /* dropdown_anim__00024.imageset */ = {
			isa = PBXGroup;
			children = (
				18321F0D1DA8C32C0013EBEB /* Contents.json */,
				18321F0E1DA8C32C0013EBEB /* dropdown_anim__00024@2x.png */,
			);
			path = dropdown_anim__00024.imageset;
			sourceTree = "<group>";
		};
		18321F0F1DA8C32C0013EBEB /* dropdown_anim__00025.imageset */ = {
			isa = PBXGroup;
			children = (
				18321F101DA8C32C0013EBEB /* Contents.json */,
				18321F111DA8C32C0013EBEB /* dropdown_anim__00025@2x.png */,
			);
			path = dropdown_anim__00025.imageset;
			sourceTree = "<group>";
		};
		18321F121DA8C32C0013EBEB /* dropdown_anim__00026.imageset */ = {
			isa = PBXGroup;
			children = (
				18321F131DA8C32C0013EBEB /* Contents.json */,
				18321F141DA8C32C0013EBEB /* dropdown_anim__00026@2x.png */,
			);
			path = dropdown_anim__00026.imageset;
			sourceTree = "<group>";
		};
		18321F151DA8C32C0013EBEB /* dropdown_anim__00027.imageset */ = {
			isa = PBXGroup;
			children = (
				18321F161DA8C32C0013EBEB /* Contents.json */,
				18321F171DA8C32C0013EBEB /* dropdown_anim__00027@2x.png */,
			);
			path = dropdown_anim__00027.imageset;
			sourceTree = "<group>";
		};
		18321F181DA8C32C0013EBEB /* dropdown_anim__00028.imageset */ = {
			isa = PBXGroup;
			children = (
				18321F191DA8C32C0013EBEB /* Contents.json */,
				18321F1A1DA8C32C0013EBEB /* dropdown_anim__00028@2x.png */,
			);
			path = dropdown_anim__00028.imageset;
			sourceTree = "<group>";
		};
		18321F1B1DA8C32C0013EBEB /* dropdown_anim__00029.imageset */ = {
			isa = PBXGroup;
			children = (
				18321F1C1DA8C32C0013EBEB /* Contents.json */,
				18321F1D1DA8C32C0013EBEB /* dropdown_anim__00029@2x.png */,
			);
			path = dropdown_anim__00029.imageset;
			sourceTree = "<group>";
		};
		18321F1E1DA8C32C0013EBEB /* dropdown_anim__0003.imageset */ = {
			isa = PBXGroup;
			children = (
				18321F1F1DA8C32C0013EBEB /* Contents.json */,
				18321F201DA8C32C0013EBEB /* dropdown_anim__0003@2x.png */,
			);
			path = dropdown_anim__0003.imageset;
			sourceTree = "<group>";
		};
		18321F211DA8C32C0013EBEB /* dropdown_anim__00030.imageset */ = {
			isa = PBXGroup;
			children = (
				18321F221DA8C32C0013EBEB /* Contents.json */,
				18321F231DA8C32C0013EBEB /* dropdown_anim__00030@2x.png */,
			);
			path = dropdown_anim__00030.imageset;
			sourceTree = "<group>";
		};
		18321F241DA8C32C0013EBEB /* dropdown_anim__00031.imageset */ = {
			isa = PBXGroup;
			children = (
				18321F251DA8C32C0013EBEB /* Contents.json */,
				18321F261DA8C32C0013EBEB /* dropdown_anim__00031@2x.png */,
			);
			path = dropdown_anim__00031.imageset;
			sourceTree = "<group>";
		};
		18321F271DA8C32C0013EBEB /* dropdown_anim__00032.imageset */ = {
			isa = PBXGroup;
			children = (
				18321F281DA8C32C0013EBEB /* Contents.json */,
				18321F291DA8C32C0013EBEB /* dropdown_anim__00032@2x.png */,
			);
			path = dropdown_anim__00032.imageset;
			sourceTree = "<group>";
		};
		18321F2A1DA8C32C0013EBEB /* dropdown_anim__00033.imageset */ = {
			isa = PBXGroup;
			children = (
				18321F2B1DA8C32C0013EBEB /* Contents.json */,
				18321F2C1DA8C32C0013EBEB /* dropdown_anim__00033@2x.png */,
			);
			path = dropdown_anim__00033.imageset;
			sourceTree = "<group>";
		};
		18321F2D1DA8C32C0013EBEB /* dropdown_anim__00034.imageset */ = {
			isa = PBXGroup;
			children = (
				18321F2E1DA8C32C0013EBEB /* Contents.json */,
				18321F2F1DA8C32C0013EBEB /* dropdown_anim__00034@2x.png */,
			);
			path = dropdown_anim__00034.imageset;
			sourceTree = "<group>";
		};
		18321F301DA8C32C0013EBEB /* dropdown_anim__00035.imageset */ = {
			isa = PBXGroup;
			children = (
				18321F311DA8C32C0013EBEB /* Contents.json */,
				18321F321DA8C32C0013EBEB /* dropdown_anim__00035@2x.png */,
			);
			path = dropdown_anim__00035.imageset;
			sourceTree = "<group>";
		};
		18321F331DA8C32C0013EBEB /* dropdown_anim__00036.imageset */ = {
			isa = PBXGroup;
			children = (
				18321F341DA8C32C0013EBEB /* Contents.json */,
				18321F351DA8C32C0013EBEB /* dropdown_anim__00036@2x.png */,
			);
			path = dropdown_anim__00036.imageset;
			sourceTree = "<group>";
		};
		18321F361DA8C32C0013EBEB /* dropdown_anim__00037.imageset */ = {
			isa = PBXGroup;
			children = (
				18321F371DA8C32C0013EBEB /* Contents.json */,
				18321F381DA8C32C0013EBEB /* dropdown_anim__00037@2x.png */,
			);
			path = dropdown_anim__00037.imageset;
			sourceTree = "<group>";
		};
		18321F391DA8C32C0013EBEB /* dropdown_anim__00038.imageset */ = {
			isa = PBXGroup;
			children = (
				18321F3A1DA8C32C0013EBEB /* Contents.json */,
				18321F3B1DA8C32C0013EBEB /* dropdown_anim__00038@2x.png */,
			);
			path = dropdown_anim__00038.imageset;
			sourceTree = "<group>";
		};
		18321F3C1DA8C32C0013EBEB /* dropdown_anim__00039.imageset */ = {
			isa = PBXGroup;
			children = (
				18321F3D1DA8C32C0013EBEB /* Contents.json */,
				18321F3E1DA8C32C0013EBEB /* dropdown_anim__00039@2x.png */,
			);
			path = dropdown_anim__00039.imageset;
			sourceTree = "<group>";
		};
		18321F3F1DA8C32C0013EBEB /* dropdown_anim__0004.imageset */ = {
			isa = PBXGroup;
			children = (
				18321F401DA8C32C0013EBEB /* Contents.json */,
				18321F411DA8C32C0013EBEB /* dropdown_anim__0004@2x.png */,
			);
			path = dropdown_anim__0004.imageset;
			sourceTree = "<group>";
		};
		18321F421DA8C32C0013EBEB /* dropdown_anim__00040.imageset */ = {
			isa = PBXGroup;
			children = (
				18321F431DA8C32C0013EBEB /* Contents.json */,
				18321F441DA8C32C0013EBEB /* dropdown_anim__00040@2x.png */,
			);
			path = dropdown_anim__00040.imageset;
			sourceTree = "<group>";
		};
		18321F451DA8C32C0013EBEB /* dropdown_anim__00041.imageset */ = {
			isa = PBXGroup;
			children = (
				18321F461DA8C32C0013EBEB /* Contents.json */,
				18321F471DA8C32C0013EBEB /* dropdown_anim__00041@2x.png */,
			);
			path = dropdown_anim__00041.imageset;
			sourceTree = "<group>";
		};
		18321F481DA8C32C0013EBEB /* dropdown_anim__00042.imageset */ = {
			isa = PBXGroup;
			children = (
				18321F491DA8C32C0013EBEB /* Contents.json */,
				18321F4A1DA8C32C0013EBEB /* dropdown_anim__00042@2x.png */,
			);
			path = dropdown_anim__00042.imageset;
			sourceTree = "<group>";
		};
		18321F4B1DA8C32C0013EBEB /* dropdown_anim__00043.imageset */ = {
			isa = PBXGroup;
			children = (
				18321F4C1DA8C32C0013EBEB /* Contents.json */,
				18321F4D1DA8C32C0013EBEB /* dropdown_anim__00043@2x.png */,
			);
			path = dropdown_anim__00043.imageset;
			sourceTree = "<group>";
		};
		18321F4E1DA8C32C0013EBEB /* dropdown_anim__00044.imageset */ = {
			isa = PBXGroup;
			children = (
				18321F4F1DA8C32C0013EBEB /* Contents.json */,
				18321F501DA8C32C0013EBEB /* dropdown_anim__00044@2x.png */,
			);
			path = dropdown_anim__00044.imageset;
			sourceTree = "<group>";
		};
		18321F511DA8C32C0013EBEB /* dropdown_anim__00045.imageset */ = {
			isa = PBXGroup;
			children = (
				18321F521DA8C32C0013EBEB /* Contents.json */,
				18321F531DA8C32C0013EBEB /* dropdown_anim__00045@2x.png */,
			);
			path = dropdown_anim__00045.imageset;
			sourceTree = "<group>";
		};
		18321F541DA8C32C0013EBEB /* dropdown_anim__00046.imageset */ = {
			isa = PBXGroup;
			children = (
				18321F551DA8C32C0013EBEB /* Contents.json */,
				18321F561DA8C32C0013EBEB /* dropdown_anim__00046@2x.png */,
			);
			path = dropdown_anim__00046.imageset;
			sourceTree = "<group>";
		};
		18321F571DA8C32C0013EBEB /* dropdown_anim__00047.imageset */ = {
			isa = PBXGroup;
			children = (
				18321F581DA8C32C0013EBEB /* Contents.json */,
				18321F591DA8C32C0013EBEB /* dropdown_anim__00047@2x.png */,
			);
			path = dropdown_anim__00047.imageset;
			sourceTree = "<group>";
		};
		18321F5A1DA8C32C0013EBEB /* dropdown_anim__00048.imageset */ = {
			isa = PBXGroup;
			children = (
				18321F5B1DA8C32C0013EBEB /* Contents.json */,
				18321F5C1DA8C32C0013EBEB /* dropdown_anim__00048@2x.png */,
			);
			path = dropdown_anim__00048.imageset;
			sourceTree = "<group>";
		};
		18321F5D1DA8C32C0013EBEB /* dropdown_anim__00049.imageset */ = {
			isa = PBXGroup;
			children = (
				18321F5E1DA8C32C0013EBEB /* Contents.json */,
				18321F5F1DA8C32C0013EBEB /* dropdown_anim__00049@2x.png */,
			);
			path = dropdown_anim__00049.imageset;
			sourceTree = "<group>";
		};
		18321F601DA8C32C0013EBEB /* dropdown_anim__0005.imageset */ = {
			isa = PBXGroup;
			children = (
				18321F611DA8C32C0013EBEB /* Contents.json */,
				18321F621DA8C32C0013EBEB /* dropdown_anim__0005@2x.png */,
			);
			path = dropdown_anim__0005.imageset;
			sourceTree = "<group>";
		};
		18321F631DA8C32C0013EBEB /* dropdown_anim__00050.imageset */ = {
			isa = PBXGroup;
			children = (
				18321F641DA8C32C0013EBEB /* Contents.json */,
				18321F651DA8C32C0013EBEB /* dropdown_anim__00050@2x.png */,
			);
			path = dropdown_anim__00050.imageset;
			sourceTree = "<group>";
		};
		18321F661DA8C32C0013EBEB /* dropdown_anim__00051.imageset */ = {
			isa = PBXGroup;
			children = (
				18321F671DA8C32C0013EBEB /* Contents.json */,
				18321F681DA8C32C0013EBEB /* dropdown_anim__00051@2x.png */,
			);
			path = dropdown_anim__00051.imageset;
			sourceTree = "<group>";
		};
		18321F691DA8C32C0013EBEB /* dropdown_anim__00052.imageset */ = {
			isa = PBXGroup;
			children = (
				18321F6A1DA8C32C0013EBEB /* Contents.json */,
				18321F6B1DA8C32C0013EBEB /* dropdown_anim__00052@2x.png */,
			);
			path = dropdown_anim__00052.imageset;
			sourceTree = "<group>";
		};
		18321F6C1DA8C32C0013EBEB /* dropdown_anim__00053.imageset */ = {
			isa = PBXGroup;
			children = (
				18321F6D1DA8C32C0013EBEB /* Contents.json */,
				18321F6E1DA8C32C0013EBEB /* dropdown_anim__00053@2x.png */,
			);
			path = dropdown_anim__00053.imageset;
			sourceTree = "<group>";
		};
		18321F6F1DA8C32C0013EBEB /* dropdown_anim__00054.imageset */ = {
			isa = PBXGroup;
			children = (
				18321F701DA8C32C0013EBEB /* Contents.json */,
				18321F711DA8C32C0013EBEB /* dropdown_anim__00054@2x.png */,
			);
			path = dropdown_anim__00054.imageset;
			sourceTree = "<group>";
		};
		18321F721DA8C32C0013EBEB /* dropdown_anim__00055.imageset */ = {
			isa = PBXGroup;
			children = (
				18321F731DA8C32C0013EBEB /* Contents.json */,
				18321F741DA8C32C0013EBEB /* dropdown_anim__00055@2x.png */,
			);
			path = dropdown_anim__00055.imageset;
			sourceTree = "<group>";
		};
		18321F751DA8C32C0013EBEB /* dropdown_anim__00056.imageset */ = {
			isa = PBXGroup;
			children = (
				18321F761DA8C32C0013EBEB /* Contents.json */,
				18321F771DA8C32C0013EBEB /* dropdown_anim__00056@2x.png */,
			);
			path = dropdown_anim__00056.imageset;
			sourceTree = "<group>";
		};
		18321F781DA8C32C0013EBEB /* dropdown_anim__00057.imageset */ = {
			isa = PBXGroup;
			children = (
				18321F791DA8C32C0013EBEB /* Contents.json */,
				18321F7A1DA8C32C0013EBEB /* dropdown_anim__00057@2x.png */,
			);
			path = dropdown_anim__00057.imageset;
			sourceTree = "<group>";
		};
		18321F7B1DA8C32C0013EBEB /* dropdown_anim__00058.imageset */ = {
			isa = PBXGroup;
			children = (
				18321F7C1DA8C32C0013EBEB /* Contents.json */,
				18321F7D1DA8C32C0013EBEB /* dropdown_anim__00058@2x.png */,
			);
			path = dropdown_anim__00058.imageset;
			sourceTree = "<group>";
		};
		18321F7E1DA8C32C0013EBEB /* dropdown_anim__00059.imageset */ = {
			isa = PBXGroup;
			children = (
				18321F7F1DA8C32C0013EBEB /* Contents.json */,
				18321F801DA8C32C0013EBEB /* dropdown_anim__00059@2x.png */,
			);
			path = dropdown_anim__00059.imageset;
			sourceTree = "<group>";
		};
		18321F811DA8C32C0013EBEB /* dropdown_anim__0006.imageset */ = {
			isa = PBXGroup;
			children = (
				18321F821DA8C32C0013EBEB /* Contents.json */,
				18321F831DA8C32C0013EBEB /* dropdown_anim__0006@2x.png */,
			);
			path = dropdown_anim__0006.imageset;
			sourceTree = "<group>";
		};
		18321F841DA8C32C0013EBEB /* dropdown_anim__00060.imageset */ = {
			isa = PBXGroup;
			children = (
				18321F851DA8C32C0013EBEB /* Contents.json */,
				18321F861DA8C32C0013EBEB /* dropdown_anim__00060@2x.png */,
			);
			path = dropdown_anim__00060.imageset;
			sourceTree = "<group>";
		};
		18321F871DA8C32C0013EBEB /* dropdown_anim__0007.imageset */ = {
			isa = PBXGroup;
			children = (
				18321F881DA8C32C0013EBEB /* Contents.json */,
				18321F891DA8C32C0013EBEB /* dropdown_anim__0007@2x.png */,
			);
			path = dropdown_anim__0007.imageset;
			sourceTree = "<group>";
		};
		18321F8A1DA8C32C0013EBEB /* dropdown_anim__0008.imageset */ = {
			isa = PBXGroup;
			children = (
				18321F8B1DA8C32C0013EBEB /* Contents.json */,
				18321F8C1DA8C32C0013EBEB /* dropdown_anim__0008@2x.png */,
			);
			path = dropdown_anim__0008.imageset;
			sourceTree = "<group>";
		};
		18321F8D1DA8C32C0013EBEB /* dropdown_anim__0009.imageset */ = {
			isa = PBXGroup;
			children = (
				18321F8E1DA8C32C0013EBEB /* Contents.json */,
				18321F8F1DA8C32C0013EBEB /* dropdown_anim__0009@2x.png */,
			);
			path = dropdown_anim__0009.imageset;
			sourceTree = "<group>";
		};
		18321F901DA8C32C0013EBEB /* dropdown_loading_01.imageset */ = {
			isa = PBXGroup;
			children = (
				18321F911DA8C32C0013EBEB /* Contents.json */,
				18321F921DA8C32C0013EBEB /* dropdown_loading_01@2x.png */,
			);
			path = dropdown_loading_01.imageset;
			sourceTree = "<group>";
		};
		18321F931DA8C32C0013EBEB /* dropdown_loading_02.imageset */ = {
			isa = PBXGroup;
			children = (
				18321F941DA8C32C0013EBEB /* Contents.json */,
				18321F951DA8C32C0013EBEB /* dropdown_loading_02@2x.png */,
			);
			path = dropdown_loading_02.imageset;
			sourceTree = "<group>";
		};
		18321F961DA8C32C0013EBEB /* dropdown_loading_03.imageset */ = {
			isa = PBXGroup;
			children = (
				18321F971DA8C32C0013EBEB /* Contents.json */,
				18321F981DA8C32C0013EBEB /* dropdown_loading_03@2x.png */,
			);
			path = dropdown_loading_03.imageset;
			sourceTree = "<group>";
		};
		189C36D21DAB552600E57033 /* SJPullRefreshImageView */ = {
			isa = PBXGroup;
			children = (
				189C36D31DAB552600E57033 /* SJPullRefreshImageView.h */,
				189C36D41DAB552600E57033 /* SJPullRefreshImageView.m */,
			);
			path = SJPullRefreshImageView;
			sourceTree = "<group>";
		};
/* End PBXGroup section */

/* Begin PBXNativeTarget section */
		18321EBF1DA8C2CF0013EBEB /* SJRefresh */ = {
			isa = PBXNativeTarget;
			buildConfigurationList = 18321ED71DA8C2CF0013EBEB /* Build configuration list for PBXNativeTarget "SJRefresh" */;
			buildPhases = (
				18321EBC1DA8C2CF0013EBEB /* Sources */,
				18321EBD1DA8C2CF0013EBEB /* Frameworks */,
				18321EBE1DA8C2CF0013EBEB /* Resources */,
			);
			buildRules = (
			);
			dependencies = (
			);
			name = SJRefresh;
			productName = SJRefresh;
			productReference = 18321EC01DA8C2CF0013EBEB /* SJRefresh.app */;
			productType = "com.apple.product-type.application";
		};
/* End PBXNativeTarget section */

/* Begin PBXProject section */
		18321EB81DA8C2CF0013EBEB /* Project object */ = {
			isa = PBXProject;
			attributes = {
				LastUpgradeCheck = 0800;
				ORGANIZATIONNAME = zhoushejun;
				TargetAttributes = {
					18321EBF1DA8C2CF0013EBEB = {
						CreatedOnToolsVersion = 8.0;
						DevelopmentTeam = 6NLHX4X49M;
						ProvisioningStyle = Automatic;
					};
				};
			};
			buildConfigurationList = 18321EBB1DA8C2CF0013EBEB /* Build configuration list for PBXProject "SJRefresh" */;
			compatibilityVersion = "Xcode 3.2";
			developmentRegion = English;
			hasScannedForEncodings = 0;
			knownRegions = (
				en,
				Base,
			);
			mainGroup = 18321EB71DA8C2CF0013EBEB;
			productRefGroup = 18321EC11DA8C2CF0013EBEB /* Products */;
			projectDirPath = "";
			projectRoot = "";
			targets = (
				18321EBF1DA8C2CF0013EBEB /* SJRefresh */,
			);
		};
/* End PBXProject section */

/* Begin PBXResourcesBuildPhase section */
		18321EBE1DA8C2CF0013EBEB /* Resources */ = {
			isa = PBXResourcesBuildPhase;
			buildActionMask = 2147483647;
			files = (
				18321FAA1DA8C32C0013EBEB /* dropdown_anim__00014@2x.png in Resources */,
				18321FAE1DA8C32C0013EBEB /* dropdown_anim__00016@2x.png in Resources */,
				18321FE61DA8C32C0013EBEB /* dropdown_anim__00041@2x.png in Resources */,
				183220171DA8C32C0013EBEB /* Contents.json in Resources */,
				183220111DA8C32C0013EBEB /* Contents.json in Resources */,
				18321ED31DA8C2CF0013EBEB /* LaunchScreen.storyboard in Resources */,
				18321FDB1DA8C32C0013EBEB /* Contents.json in Resources */,
				1832201C1DA8C32C0013EBEB /* dropdown_loading_03@2x.png in Resources */,
				18321FD91DA8C32C0013EBEB /* Contents.json in Resources */,
				18321FBB1DA8C32C0013EBEB /* Contents.json in Resources */,
				18321FA81DA8C32C0013EBEB /* dropdown_anim__00013@2x.png in Resources */,
				18321FCD1DA8C32C0013EBEB /* Contents.json in Resources */,
				18321FAB1DA8C32C0013EBEB /* Contents.json in Resources */,
				18321FCF1DA8C32C0013EBEB /* Contents.json in Resources */,
				1832200F1DA8C32C0013EBEB /* Contents.json in Resources */,
				18321FB91DA8C32C0013EBEB /* Contents.json in Resources */,
				18321FE31DA8C32C0013EBEB /* Contents.json in Resources */,
				18321FA01DA8C32C0013EBEB /* dropdown_anim__0001@2x.png in Resources */,
				18321FD61DA8C32C0013EBEB /* dropdown_anim__00034@2x.png in Resources */,
				18321ED01DA8C2CF0013EBEB /* Assets.xcassets in Resources */,
				18321FD51DA8C32C0013EBEB /* Contents.json in Resources */,
				18321FB51DA8C32C0013EBEB /* Contents.json in Resources */,
				18321FF61DA8C32C0013EBEB /* dropdown_anim__00049@2x.png in Resources */,
				183220051DA8C32C0013EBEB /* Contents.json in Resources */,
				18321FCE1DA8C32C0013EBEB /* dropdown_anim__00030@2x.png in Resources */,
				183220141DA8C32C0013EBEB /* dropdown_anim__0008@2x.png in Resources */,
				18321FA41DA8C32C0013EBEB /* dropdown_anim__00011@2x.png in Resources */,
				18321FBF1DA8C32C0013EBEB /* Contents.json in Resources */,
				18321FDF1DA8C32C0013EBEB /* Contents.json in Resources */,
				1832201D1DA8C32C0013EBEB /* img_arrow_down.png in Resources */,
				18321FA31DA8C32C0013EBEB /* Contents.json in Resources */,
				1832200C1DA8C32C0013EBEB /* dropdown_anim__00059@2x.png in Resources */,
				18321FB41DA8C32C0013EBEB /* dropdown_anim__00019@2x.png in Resources */,
				18321FE21DA8C32C0013EBEB /* dropdown_anim__0004@2x.png in Resources */,
				18321FB11DA8C32C0013EBEB /* Contents.json in Resources */,
				183220161DA8C32C0013EBEB /* dropdown_anim__0009@2x.png in Resources */,
				18321FFD1DA8C32C0013EBEB /* Contents.json in Resources */,
				18321FA51DA8C32C0013EBEB /* Contents.json in Resources */,
				18321FED1DA8C32C0013EBEB /* Contents.json in Resources */,
				18321FB81DA8C32C0013EBEB /* dropdown_anim__00020@2x.png in Resources */,
				183220131DA8C32C0013EBEB /* Contents.json in Resources */,
				18321FC91DA8C32C0013EBEB /* Contents.json in Resources */,
				18321FBA1DA8C32C0013EBEB /* dropdown_anim__00021@2x.png in Resources */,
				18321FB31DA8C32C0013EBEB /* Contents.json in Resources */,
				18321FB21DA8C32C0013EBEB /* dropdown_anim__00018@2x.png in Resources */,
				183220001DA8C32C0013EBEB /* dropdown_anim__00053@2x.png in Resources */,
				18321FBD1DA8C32C0013EBEB /* Contents.json in Resources */,
				183220101DA8C32C0013EBEB /* dropdown_anim__00060@2x.png in Resources */,
				18321FFB1DA8C32C0013EBEB /* Contents.json in Resources */,
				183220081DA8C32C0013EBEB /* dropdown_anim__00057@2x.png in Resources */,
				18321ECE1DA8C2CF0013EBEB /* Main.storyboard in Resources */,
				18321FC01DA8C32C0013EBEB /* dropdown_anim__00024@2x.png in Resources */,
				18321FEB1DA8C32C0013EBEB /* Contents.json in Resources */,
				18321FFA1DA8C32C0013EBEB /* dropdown_anim__00050@2x.png in Resources */,
				18321FD31DA8C32C0013EBEB /* Contents.json in Resources */,
				18321F9F1DA8C32C0013EBEB /* Contents.json in Resources */,
				18321FB01DA8C32C0013EBEB /* dropdown_anim__00017@2x.png in Resources */,
				18321FC21DA8C32C0013EBEB /* dropdown_anim__00025@2x.png in Resources */,
				183220071DA8C32C0013EBEB /* Contents.json in Resources */,
				18321FAD1DA8C32C0013EBEB /* Contents.json in Resources */,
				18321FE51DA8C32C0013EBEB /* Contents.json in Resources */,
				18321FE01DA8C32C0013EBEB /* dropdown_anim__00039@2x.png in Resources */,
				18321FD81DA8C32C0013EBEB /* dropdown_anim__00035@2x.png in Resources */,
				18321FA21DA8C32C0013EBEB /* dropdown_anim__00010@2x.png in Resources */,
				18321FF91DA8C32C0013EBEB /* Contents.json in Resources */,
				18321FDE1DA8C32C0013EBEB /* dropdown_anim__00038@2x.png in Resources */,
				183220011DA8C32C0013EBEB /* Contents.json in Resources */,
				18321FD71DA8C32C0013EBEB /* Contents.json in Resources */,
				18321FE81DA8C32C0013EBEB /* dropdown_anim__00042@2x.png in Resources */,
				1832201B1DA8C32C0013EBEB /* Contents.json in Resources */,
				18321FF11DA8C32C0013EBEB /* Contents.json in Resources */,
				18321FFF1DA8C32C0013EBEB /* Contents.json in Resources */,
				18321FA11DA8C32C0013EBEB /* Contents.json in Resources */,
				183220031DA8C32C0013EBEB /* Contents.json in Resources */,
				18321FAF1DA8C32C0013EBEB /* Contents.json in Resources */,
				18321FC81DA8C32C0013EBEB /* dropdown_anim__00028@2x.png in Resources */,
				18321FCC1DA8C32C0013EBEB /* dropdown_anim__0003@2x.png in Resources */,
				18321FE41DA8C32C0013EBEB /* dropdown_anim__00040@2x.png in Resources */,
				18321FAC1DA8C32C0013EBEB /* dropdown_anim__00015@2x.png in Resources */,
				18321FC71DA8C32C0013EBEB /* Contents.json in Resources */,
				18321FC41DA8C32C0013EBEB /* dropdown_anim__00026@2x.png in Resources */,
				18321FDC1DA8C32C0013EBEB /* dropdown_anim__00037@2x.png in Resources */,
				18321FF41DA8C32C0013EBEB /* dropdown_anim__00048@2x.png in Resources */,
				18321FCB1DA8C32C0013EBEB /* Contents.json in Resources */,
				18321FA61DA8C32C0013EBEB /* dropdown_anim__00012@2x.png in Resources */,
				18321FF71DA8C32C0013EBEB /* Contents.json in Resources */,
				183220191DA8C32C0013EBEB /* Contents.json in Resources */,
				183220091DA8C32C0013EBEB /* Contents.json in Resources */,
				183220061DA8C32C0013EBEB /* dropdown_anim__00056@2x.png in Resources */,
				18321FA71DA8C32C0013EBEB /* Contents.json in Resources */,
				18321FE91DA8C32C0013EBEB /* Contents.json in Resources */,
				18321FCA1DA8C32C0013EBEB /* dropdown_anim__00029@2x.png in Resources */,
				18321FF51DA8C32C0013EBEB /* Contents.json in Resources */,
				18321FB61DA8C32C0013EBEB /* dropdown_anim__0002@2x.png in Resources */,
				18321FE11DA8C32C0013EBEB /* Contents.json in Resources */,
				1832200B1DA8C32C0013EBEB /* Contents.json in Resources */,
				18321FEA1DA8C32C0013EBEB /* dropdown_anim__00043@2x.png in Resources */,
				18321FEE1DA8C32C0013EBEB /* dropdown_anim__00045@2x.png in Resources */,
				18321FD01DA8C32C0013EBEB /* dropdown_anim__00031@2x.png in Resources */,
				18321FDD1DA8C32C0013EBEB /* Contents.json in Resources */,
				18321FFE1DA8C32C0013EBEB /* dropdown_anim__00052@2x.png in Resources */,
				183220151DA8C32C0013EBEB /* Contents.json in Resources */,
				18321FBE1DA8C32C0013EBEB /* dropdown_anim__00023@2x.png in Resources */,
				18321FD41DA8C32C0013EBEB /* dropdown_anim__00033@2x.png in Resources */,
				183220021DA8C32C0013EBEB /* dropdown_anim__00054@2x.png in Resources */,
				18321FC61DA8C32C0013EBEB /* dropdown_anim__00027@2x.png in Resources */,
				18321FD11DA8C32C0013EBEB /* Contents.json in Resources */,
				18321FF21DA8C32C0013EBEB /* dropdown_anim__00047@2x.png in Resources */,
				18321FF31DA8C32C0013EBEB /* Contents.json in Resources */,
				18321FEC1DA8C32C0013EBEB /* dropdown_anim__00044@2x.png in Resources */,
				18321FDA1DA8C32C0013EBEB /* dropdown_anim__00036@2x.png in Resources */,
				1832200E1DA8C32C0013EBEB /* dropdown_anim__0006@2x.png in Resources */,
				18321FC31DA8C32C0013EBEB /* Contents.json in Resources */,
				183220041DA8C32C0013EBEB /* dropdown_anim__00055@2x.png in Resources */,
				18321FF81DA8C32C0013EBEB /* dropdown_anim__0005@2x.png in Resources */,
				18321FFC1DA8C32C0013EBEB /* dropdown_anim__00051@2x.png in Resources */,
				183220121DA8C32C0013EBEB /* dropdown_anim__0007@2x.png in Resources */,
				18321FA91DA8C32C0013EBEB /* Contents.json in Resources */,
				1832200A1DA8C32C0013EBEB /* dropdown_anim__00058@2x.png in Resources */,
				183220181DA8C32C0013EBEB /* dropdown_loading_01@2x.png in Resources */,
				18321FF01DA8C32C0013EBEB /* dropdown_anim__00046@2x.png in Resources */,
				18321FBC1DA8C32C0013EBEB /* dropdown_anim__00022@2x.png in Resources */,
				18321FB71DA8C32C0013EBEB /* Contents.json in Resources */,
				18321FD21DA8C32C0013EBEB /* dropdown_anim__00032@2x.png in Resources */,
				18321FC11DA8C32C0013EBEB /* Contents.json in Resources */,
				18321FC51DA8C32C0013EBEB /* Contents.json in Resources */,
				1832201A1DA8C32C0013EBEB /* dropdown_loading_02@2x.png in Resources */,
				18321FE71DA8C32C0013EBEB /* Contents.json in Resources */,
				18321FEF1DA8C32C0013EBEB /* Contents.json in Resources */,
				1832200D1DA8C32C0013EBEB /* Contents.json in Resources */,
			);
			runOnlyForDeploymentPostprocessing = 0;
		};
/* End PBXResourcesBuildPhase section */

/* Begin PBXSourcesBuildPhase section */
		18321EBC1DA8C2CF0013EBEB /* Sources */ = {
			isa = PBXSourcesBuildPhase;
			buildActionMask = 2147483647;
			files = (
				189C36D51DAB552600E57033 /* SJPullRefreshImageView.m in Sources */,
				1832201E1DA8C32C0013EBEB /* UIScrollView+SVInfiniteScrolling.m in Sources */,
				18321ECB1DA8C2CF0013EBEB /* ViewController.m in Sources */,
				18321EC81DA8C2CF0013EBEB /* AppDelegate.m in Sources */,
				18321EC51DA8C2CF0013EBEB /* main.m in Sources */,
				1832201F1DA8C32C0013EBEB /* UIScrollView+SVPullToRefresh.m in Sources */,
			);
			runOnlyForDeploymentPostprocessing = 0;
		};
/* End PBXSourcesBuildPhase section */

/* Begin PBXVariantGroup section */
		18321ECC1DA8C2CF0013EBEB /* Main.storyboard */ = {
			isa = PBXVariantGroup;
			children = (
				18321ECD1DA8C2CF0013EBEB /* Base */,
			);
			name = Main.storyboard;
			sourceTree = "<group>";
		};
		18321ED11DA8C2CF0013EBEB /* LaunchScreen.storyboard */ = {
			isa = PBXVariantGroup;
			children = (
				18321ED21DA8C2CF0013EBEB /* Base */,
			);
			name = LaunchScreen.storyboard;
			sourceTree = "<group>";
		};
/* End PBXVariantGroup section */

/* Begin XCBuildConfiguration section */
		18321ED51DA8C2CF0013EBEB /* Debug */ = {
			isa = XCBuildConfiguration;
			buildSettings = {
				ALWAYS_SEARCH_USER_PATHS = NO;
				CLANG_ANALYZER_NONNULL = YES;
				CLANG_CXX_LANGUAGE_STANDARD = "gnu++0x";
				CLANG_CXX_LIBRARY = "libc++";
				CLANG_ENABLE_MODULES = YES;
				CLANG_ENABLE_OBJC_ARC = YES;
				CLANG_WARN_BOOL_CONVERSION = YES;
				CLANG_WARN_CONSTANT_CONVERSION = YES;
				CLANG_WARN_DIRECT_OBJC_ISA_USAGE = YES_ERROR;
				CLANG_WARN_DOCUMENTATION_COMMENTS = YES;
				CLANG_WARN_EMPTY_BODY = YES;
				CLANG_WARN_ENUM_CONVERSION = YES;
				CLANG_WARN_INFINITE_RECURSION = YES;
				CLANG_WARN_INT_CONVERSION = YES;
				CLANG_WARN_OBJC_ROOT_CLASS = YES_ERROR;
				CLANG_WARN_SUSPICIOUS_MOVES = YES;
				CLANG_WARN_UNREACHABLE_CODE = YES;
				CLANG_WARN__DUPLICATE_METHOD_MATCH = YES;
				"CODE_SIGN_IDENTITY[sdk=iphoneos*]" = "iPhone Developer";
				COPY_PHASE_STRIP = NO;
				DEBUG_INFORMATION_FORMAT = dwarf;
				ENABLE_STRICT_OBJC_MSGSEND = YES;
				ENABLE_TESTABILITY = YES;
				GCC_C_LANGUAGE_STANDARD = gnu99;
				GCC_DYNAMIC_NO_PIC = NO;
				GCC_NO_COMMON_BLOCKS = YES;
				GCC_OPTIMIZATION_LEVEL = 0;
				GCC_PREPROCESSOR_DEFINITIONS = (
					"DEBUG=1",
					"$(inherited)",
				);
				GCC_WARN_64_TO_32_BIT_CONVERSION = YES;
				GCC_WARN_ABOUT_RETURN_TYPE = YES_ERROR;
				GCC_WARN_UNDECLARED_SELECTOR = YES;
				GCC_WARN_UNINITIALIZED_AUTOS = YES_AGGRESSIVE;
				GCC_WARN_UNUSED_FUNCTION = YES;
				GCC_WARN_UNUSED_VARIABLE = YES;
				IPHONEOS_DEPLOYMENT_TARGET = 10.0;
				MTL_ENABLE_DEBUG_INFO = YES;
				ONLY_ACTIVE_ARCH = YES;
				SDKROOT = iphoneos;
			};
			name = Debug;
		};
		18321ED61DA8C2CF0013EBEB /* Release */ = {
			isa = XCBuildConfiguration;
			buildSettings = {
				ALWAYS_SEARCH_USER_PATHS = NO;
				CLANG_ANALYZER_NONNULL = YES;
				CLANG_CXX_LANGUAGE_STANDARD = "gnu++0x";
				CLANG_CXX_LIBRARY = "libc++";
				CLANG_ENABLE_MODULES = YES;
				CLANG_ENABLE_OBJC_ARC = YES;
				CLANG_WARN_BOOL_CONVERSION = YES;
				CLANG_WARN_CONSTANT_CONVERSION = YES;
				CLANG_WARN_DIRECT_OBJC_ISA_USAGE = YES_ERROR;
				CLANG_WARN_DOCUMENTATION_COMMENTS = YES;
				CLANG_WARN_EMPTY_BODY = YES;
				CLANG_WARN_ENUM_CONVERSION = YES;
				CLANG_WARN_INFINITE_RECURSION = YES;
				CLANG_WARN_INT_CONVERSION = YES;
				CLANG_WARN_OBJC_ROOT_CLASS = YES_ERROR;
				CLANG_WARN_SUSPICIOUS_MOVES = YES;
				CLANG_WARN_UNREACHABLE_CODE = YES;
				CLANG_WARN__DUPLICATE_METHOD_MATCH = YES;
				"CODE_SIGN_IDENTITY[sdk=iphoneos*]" = "iPhone Developer";
				COPY_PHASE_STRIP = NO;
				DEBUG_INFORMATION_FORMAT = "dwarf-with-dsym";
				ENABLE_NS_ASSERTIONS = NO;
				ENABLE_STRICT_OBJC_MSGSEND = YES;
				GCC_C_LANGUAGE_STANDARD = gnu99;
				GCC_NO_COMMON_BLOCKS = YES;
				GCC_WARN_64_TO_32_BIT_CONVERSION = YES;
				GCC_WARN_ABOUT_RETURN_TYPE = YES_ERROR;
				GCC_WARN_UNDECLARED_SELECTOR = YES;
				GCC_WARN_UNINITIALIZED_AUTOS = YES_AGGRESSIVE;
				GCC_WARN_UNUSED_FUNCTION = YES;
				GCC_WARN_UNUSED_VARIABLE = YES;
				IPHONEOS_DEPLOYMENT_TARGET = 10.0;
				MTL_ENABLE_DEBUG_INFO = NO;
				SDKROOT = iphoneos;
				VALIDATE_PRODUCT = YES;
			};
			name = Release;
		};
		18321ED81DA8C2CF0013EBEB /* Debug */ = {
			isa = XCBuildConfiguration;
			buildSettings = {
				ASSETCATALOG_COMPILER_APPICON_NAME = AppIcon;
				DEVELOPMENT_TEAM = 6NLHX4X49M;
				INFOPLIST_FILE = SJRefresh/Info.plist;
				LD_RUNPATH_SEARCH_PATHS = "$(inherited) @executable_path/Frameworks";
				PRODUCT_BUNDLE_IDENTIFIER = github.zhoushejun.SJRefresh;
				PRODUCT_NAME = "$(TARGET_NAME)";
			};
			name = Debug;
		};
		18321ED91DA8C2CF0013EBEB /* Release */ = {
			isa = XCBuildConfiguration;
			buildSettings = {
				ASSETCATALOG_COMPILER_APPICON_NAME = AppIcon;
				DEVELOPMENT_TEAM = 6NLHX4X49M;
				INFOPLIST_FILE = SJRefresh/Info.plist;
				LD_RUNPATH_SEARCH_PATHS = "$(inherited) @executable_path/Frameworks";
				PRODUCT_BUNDLE_IDENTIFIER = github.zhoushejun.SJRefresh;
				PRODUCT_NAME = "$(TARGET_NAME)";
			};
			name = Release;
		};
/* End XCBuildConfiguration section */

/* Begin XCConfigurationList section */
		18321EBB1DA8C2CF0013EBEB /* Build configuration list for PBXProject "SJRefresh" */ = {
			isa = XCConfigurationList;
			buildConfigurations = (
				18321ED51DA8C2CF0013EBEB /* Debug */,
				18321ED61DA8C2CF0013EBEB /* Release */,
			);
			defaultConfigurationIsVisible = 0;
			defaultConfigurationName = Release;
		};
		18321ED71DA8C2CF0013EBEB /* Build configuration list for PBXNativeTarget "SJRefresh" */ = {
			isa = XCConfigurationList;
			buildConfigurations = (
				18321ED81DA8C2CF0013EBEB /* Debug */,
				18321ED91DA8C2CF0013EBEB /* Release */,
			);
			defaultConfigurationIsVisible = 0;
			defaultConfigurationName = Release;
		};
/* End XCConfigurationList section */
	};
	rootObject = 18321EB81DA8C2CF0013EBEB /* Project object */;
}
